// !$*UTF8*$!
{
	archiveVersion = 1;
	classes = {
	};
	objectVersion = 46;
	objects = {

/* Begin PBXBuildFile section */
		6E11F1D51C53E4F300297EBD /* LoginController.swift in Sources */ = {isa = PBXBuildFile; fileRef = 6E11F1D41C53E4F300297EBD /* LoginController.swift */; };
		6E12B9121C6F6CB200E93FFB /* Yandex.swift in Sources */ = {isa = PBXBuildFile; fileRef = 6E12B9111C6F6CB200E93FFB /* Yandex.swift */; };
		6E1F020E1C57F14800490013 /* Keychain.swift in Sources */ = {isa = PBXBuildFile; fileRef = 6E1F020D1C57F14800490013 /* Keychain.swift */; };
		6E2E90A11C7B6CCF006D5A83 /* Alamofire.framework in Frameworks */ = {isa = PBXBuildFile; fileRef = 6E2E90A01C7B6CCF006D5A83 /* Alamofire.framework */; };
		6E5254481C675D8F00CA5463 /* OAuthResourceBase.swift in Sources */ = {isa = PBXBuildFile; fileRef = 6E5254471C675D8F00CA5463 /* OAuthResourceBase.swift */; };
		6E52544A1C676BE900CA5463 /* NSUserDefaults.swift in Sources */ = {isa = PBXBuildFile; fileRef = 6E5254491C676BE900CA5463 /* NSUserDefaults.swift */; };
		6E8AFD7E1C78DA7300091B53 /* Result.framework in Frameworks */ = {isa = PBXBuildFile; fileRef = 6E8AFD7C1C78DA7300091B53 /* Result.framework */; };
		6E8AFD821C78DBC200091B53 /* RxSwift.framework in Frameworks */ = {isa = PBXBuildFile; fileRef = 6E8AFD801C78DBC200091B53 /* RxSwift.framework */; };
		6E8AFD831C78DBC200091B53 /* RxCocoa.framework in Frameworks */ = {isa = PBXBuildFile; fileRef = 6E8AFD811C78DBC200091B53 /* RxCocoa.framework */; };
		6E8AFD861C78E17C00091B53 /* SettingsModel.swift in Sources */ = {isa = PBXBuildFile; fileRef = 6E8AFD851C78E17C00091B53 /* SettingsModel.swift */; };
		6E94918C1C7B7218006B7696 /* SwiftyJSON.framework in Frameworks */ = {isa = PBXBuildFile; fileRef = 6E94918B1C7B7218006B7696 /* SwiftyJSON.framework */; };
		6EA500841C53E6F100B9ED11 /* Main.storyboard in Resources */ = {isa = PBXBuildFile; fileRef = 6EA500831C53E6F100B9ED11 /* Main.storyboard */; };
		6EA638761C79FF4C00DD85A6 /* CloudResourcesStructureController.swift in Sources */ = {isa = PBXBuildFile; fileRef = 6EA638751C79FF4C00DD85A6 /* CloudResourcesStructureController.swift */; };
		6EA638781C7A002200DD85A6 /* CloudResourcesModel.swift in Sources */ = {isa = PBXBuildFile; fileRef = 6EA638771C7A002200DD85A6 /* CloudResourcesModel.swift */; };
		6EB8C2F81C5019FD0064A00B /* .gitignore in Resources */ = {isa = PBXBuildFile; fileRef = 6EB8C2F71C5019FD0064A00B /* .gitignore */; };
		6EE5F8761C550877004CF20C /* SettingsController.swift in Sources */ = {isa = PBXBuildFile; fileRef = 6EE5F8751C550877004CF20C /* SettingsController.swift */; };
		6EE5F8781C5509DF004CF20C /* SharedSettings.swift in Sources */ = {isa = PBXBuildFile; fileRef = 6EE5F8771C5509DF004CF20C /* SharedSettings.swift */; };
		6EEB989F1C4EBE1700DD5B95 /* AppDelegate.swift in Sources */ = {isa = PBXBuildFile; fileRef = 6EEB989E1C4EBE1700DD5B95 /* AppDelegate.swift */; };
		6EEB98A11C4EBE1700DD5B95 /* ViewController.swift in Sources */ = {isa = PBXBuildFile; fileRef = 6EEB98A01C4EBE1700DD5B95 /* ViewController.swift */; };
		6EEB98A71C4EBE1700DD5B95 /* CloudMusicPlayer.xcdatamodeld in Sources */ = {isa = PBXBuildFile; fileRef = 6EEB98A51C4EBE1700DD5B95 /* CloudMusicPlayer.xcdatamodeld */; };
		6EEB98A91C4EBE1700DD5B95 /* Assets.xcassets in Resources */ = {isa = PBXBuildFile; fileRef = 6EEB98A81C4EBE1700DD5B95 /* Assets.xcassets */; };
		6EEB98AC1C4EBE1700DD5B95 /* LaunchScreen.storyboard in Resources */ = {isa = PBXBuildFile; fileRef = 6EEB98AA1C4EBE1700DD5B95 /* LaunchScreen.storyboard */; };
		6EEB98B71C4EBE1700DD5B95 /* CloudMusicPlayerTests.swift in Sources */ = {isa = PBXBuildFile; fileRef = 6EEB98B61C4EBE1700DD5B95 /* CloudMusicPlayerTests.swift */; };
		6EEB98C21C4EBE1700DD5B95 /* CloudMusicPlayerUITests.swift in Sources */ = {isa = PBXBuildFile; fileRef = 6EEB98C11C4EBE1700DD5B95 /* CloudMusicPlayerUITests.swift */; };
/* End PBXBuildFile section */

/* Begin PBXContainerItemProxy section */
		6EEB98B31C4EBE1700DD5B95 /* PBXContainerItemProxy */ = {
			isa = PBXContainerItemProxy;
			containerPortal = 6EEB98931C4EBE1700DD5B95 /* Project object */;
			proxyType = 1;
			remoteGlobalIDString = 6EEB989A1C4EBE1700DD5B95;
			remoteInfo = CloudMusicPlayer;
		};
		6EEB98BE1C4EBE1700DD5B95 /* PBXContainerItemProxy */ = {
			isa = PBXContainerItemProxy;
			containerPortal = 6EEB98931C4EBE1700DD5B95 /* Project object */;
			proxyType = 1;
			remoteGlobalIDString = 6EEB989A1C4EBE1700DD5B95;
			remoteInfo = CloudMusicPlayer;
		};
/* End PBXContainerItemProxy section */

/* Begin PBXFileReference section */
		6E11F1D41C53E4F300297EBD /* LoginController.swift */ = {isa = PBXFileReference; fileEncoding = 4; lastKnownFileType = sourcecode.swift; name = LoginController.swift; path = CloudMusicPlayer/Controllers/LoginController.swift; sourceTree = SOURCE_ROOT; };
		6E12B9111C6F6CB200E93FFB /* Yandex.swift */ = {isa = PBXFileReference; fileEncoding = 4; lastKnownFileType = sourcecode.swift; path = Yandex.swift; sourceTree = "<group>"; };
		6E1F020D1C57F14800490013 /* Keychain.swift */ = {isa = PBXFileReference; fileEncoding = 4; lastKnownFileType = sourcecode.swift; name = Keychain.swift; path = CloudMusicPlayer/Keychain/Keychain.swift; sourceTree = SOURCE_ROOT; };
		6E2E90A01C7B6CCF006D5A83 /* Alamofire.framework */ = {isa = PBXFileReference; lastKnownFileType = wrapper.framework; name = Alamofire.framework; path = Carthage/Build/iOS/Alamofire.framework; sourceTree = "<group>"; };
		6E5254471C675D8F00CA5463 /* OAuthResourceBase.swift */ = {isa = PBXFileReference; fileEncoding = 4; lastKnownFileType = sourcecode.swift; path = OAuthResourceBase.swift; sourceTree = "<group>"; };
		6E5254491C676BE900CA5463 /* NSUserDefaults.swift */ = {isa = PBXFileReference; fileEncoding = 4; lastKnownFileType = sourcecode.swift; path = NSUserDefaults.swift; sourceTree = "<group>"; };
		6E8AFD7C1C78DA7300091B53 /* Result.framework */ = {isa = PBXFileReference; lastKnownFileType = wrapper.framework; name = Result.framework; path = ../ReactiveMVVM/Carthage/Build/iOS/Result.framework; sourceTree = "<group>"; };
		6E8AFD801C78DBC200091B53 /* RxSwift.framework */ = {isa = PBXFileReference; lastKnownFileType = wrapper.framework; name = RxSwift.framework; path = Carthage/Build/iOS/RxSwift.framework; sourceTree = "<group>"; };
		6E8AFD811C78DBC200091B53 /* RxCocoa.framework */ = {isa = PBXFileReference; lastKnownFileType = wrapper.framework; name = RxCocoa.framework; path = Carthage/Build/iOS/RxCocoa.framework; sourceTree = "<group>"; };
		6E8AFD851C78E17C00091B53 /* SettingsModel.swift */ = {isa = PBXFileReference; fileEncoding = 4; lastKnownFileType = sourcecode.swift; path = SettingsModel.swift; sourceTree = "<group>"; };
		6E94918B1C7B7218006B7696 /* SwiftyJSON.framework */ = {isa = PBXFileReference; lastKnownFileType = wrapper.framework; name = SwiftyJSON.framework; path = Carthage/Build/iOS/SwiftyJSON.framework; sourceTree = "<group>"; };
		6EA500831C53E6F100B9ED11 /* Main.storyboard */ = {isa = PBXFileReference; fileEncoding = 4; lastKnownFileType = file.storyboard; path = Main.storyboard; sourceTree = "<group>"; };
		6EA638751C79FF4C00DD85A6 /* CloudResourcesStructureController.swift */ = {isa = PBXFileReference; fileEncoding = 4; lastKnownFileType = sourcecode.swift; path = CloudResourcesStructureController.swift; sourceTree = "<group>"; };
		6EA638771C7A002200DD85A6 /* CloudResourcesModel.swift */ = {isa = PBXFileReference; fileEncoding = 4; lastKnownFileType = sourcecode.swift; path = CloudResourcesModel.swift; sourceTree = "<group>"; };
		6EB8C2F71C5019FD0064A00B /* .gitignore */ = {isa = PBXFileReference; fileEncoding = 4; lastKnownFileType = text; path = .gitignore; sourceTree = "<group>"; };
		6EE5F8751C550877004CF20C /* SettingsController.swift */ = {isa = PBXFileReference; fileEncoding = 4; lastKnownFileType = sourcecode.swift; name = SettingsController.swift; path = CloudMusicPlayer/Controllers/SettingsController.swift; sourceTree = SOURCE_ROOT; };
		6EE5F8771C5509DF004CF20C /* SharedSettings.swift */ = {isa = PBXFileReference; fileEncoding = 4; lastKnownFileType = sourcecode.swift; path = SharedSettings.swift; sourceTree = "<group>"; };
		6EEB989B1C4EBE1700DD5B95 /* CloudMusicPlayer.app */ = {isa = PBXFileReference; explicitFileType = wrapper.application; includeInIndex = 0; path = CloudMusicPlayer.app; sourceTree = BUILT_PRODUCTS_DIR; };
		6EEB989E1C4EBE1700DD5B95 /* AppDelegate.swift */ = {isa = PBXFileReference; lastKnownFileType = sourcecode.swift; path = AppDelegate.swift; sourceTree = "<group>"; };
		6EEB98A01C4EBE1700DD5B95 /* ViewController.swift */ = {isa = PBXFileReference; lastKnownFileType = sourcecode.swift; name = ViewController.swift; path = CloudMusicPlayer/Controllers/ViewController.swift; sourceTree = SOURCE_ROOT; };
		6EEB98A61C4EBE1700DD5B95 /* CloudMusicPlayer.xcdatamodel */ = {isa = PBXFileReference; lastKnownFileType = wrapper.xcdatamodel; path = CloudMusicPlayer.xcdatamodel; sourceTree = "<group>"; };
		6EEB98A81C4EBE1700DD5B95 /* Assets.xcassets */ = {isa = PBXFileReference; lastKnownFileType = folder.assetcatalog; path = Assets.xcassets; sourceTree = "<group>"; };
		6EEB98AB1C4EBE1700DD5B95 /* Base */ = {isa = PBXFileReference; lastKnownFileType = file.storyboard; name = Base; path = Base.lproj/LaunchScreen.storyboard; sourceTree = "<group>"; };
		6EEB98AD1C4EBE1700DD5B95 /* Info.plist */ = {isa = PBXFileReference; lastKnownFileType = text.plist.xml; path = Info.plist; sourceTree = "<group>"; };
		6EEB98B21C4EBE1700DD5B95 /* CloudMusicPlayerTests.xctest */ = {isa = PBXFileReference; explicitFileType = wrapper.cfbundle; includeInIndex = 0; path = CloudMusicPlayerTests.xctest; sourceTree = BUILT_PRODUCTS_DIR; };
		6EEB98B61C4EBE1700DD5B95 /* CloudMusicPlayerTests.swift */ = {isa = PBXFileReference; lastKnownFileType = sourcecode.swift; path = CloudMusicPlayerTests.swift; sourceTree = "<group>"; };
		6EEB98B81C4EBE1700DD5B95 /* Info.plist */ = {isa = PBXFileReference; lastKnownFileType = text.plist.xml; path = Info.plist; sourceTree = "<group>"; };
		6EEB98BD1C4EBE1700DD5B95 /* CloudMusicPlayerUITests.xctest */ = {isa = PBXFileReference; explicitFileType = wrapper.cfbundle; includeInIndex = 0; path = CloudMusicPlayerUITests.xctest; sourceTree = BUILT_PRODUCTS_DIR; };
		6EEB98C11C4EBE1700DD5B95 /* CloudMusicPlayerUITests.swift */ = {isa = PBXFileReference; lastKnownFileType = sourcecode.swift; path = CloudMusicPlayerUITests.swift; sourceTree = "<group>"; };
		6EEB98C31C4EBE1700DD5B95 /* Info.plist */ = {isa = PBXFileReference; lastKnownFileType = text.plist.xml; path = Info.plist; sourceTree = "<group>"; };
/* End PBXFileReference section */

/* Begin PBXFrameworksBuildPhase section */
		6EEB98981C4EBE1700DD5B95 /* Frameworks */ = {
			isa = PBXFrameworksBuildPhase;
			buildActionMask = 2147483647;
			files = (
				6E94918C1C7B7218006B7696 /* SwiftyJSON.framework in Frameworks */,
				6E2E90A11C7B6CCF006D5A83 /* Alamofire.framework in Frameworks */,
				6E8AFD821C78DBC200091B53 /* RxSwift.framework in Frameworks */,
				6E8AFD831C78DBC200091B53 /* RxCocoa.framework in Frameworks */,
				6E8AFD7E1C78DA7300091B53 /* Result.framework in Frameworks */,
			);
			runOnlyForDeploymentPostprocessing = 0;
		};
		6EEB98AF1C4EBE1700DD5B95 /* Frameworks */ = {
			isa = PBXFrameworksBuildPhase;
			buildActionMask = 2147483647;
			files = (
			);
			runOnlyForDeploymentPostprocessing = 0;
		};
		6EEB98BA1C4EBE1700DD5B95 /* Frameworks */ = {
			isa = PBXFrameworksBuildPhase;
			buildActionMask = 2147483647;
			files = (
			);
			runOnlyForDeploymentPostprocessing = 0;
		};
/* End PBXFrameworksBuildPhase section */

/* Begin PBXGroup section */
		6E12B9131C6F835C00E93FFB /* Extensions */ = {
			isa = PBXGroup;
			children = (
				6E5254491C676BE900CA5463 /* NSUserDefaults.swift */,
			);
			name = Extensions;
			path = CloudMusicPlayer/Extensions;
			sourceTree = SOURCE_ROOT;
		};
		6E12B9141C6F838300E93FFB /* Controllers */ = {
			isa = PBXGroup;
			children = (
				6E11F1D41C53E4F300297EBD /* LoginController.swift */,
				6EEB98A01C4EBE1700DD5B95 /* ViewController.swift */,
				6EE5F8751C550877004CF20C /* SettingsController.swift */,
				6EA638751C79FF4C00DD85A6 /* CloudResourcesStructureController.swift */,
			);
			name = Controllers;
			path = CloudMusicPlayer/Controllers;
			sourceTree = SOURCE_ROOT;
		};
		6E12B9151C6F83AB00E93FFB /* Keychain */ = {
			isa = PBXGroup;
			children = (
				6E1F020D1C57F14800490013 /* Keychain.swift */,
			);
			name = Keychain;
			path = CloudMusicPlayer/Keychain;
			sourceTree = SOURCE_ROOT;
		};
		6E5254461C675D7C00CA5463 /* OAuth */ = {
			isa = PBXGroup;
			children = (
				6E5254471C675D8F00CA5463 /* OAuthResourceBase.swift */,
				6E12B9111C6F6CB200E93FFB /* Yandex.swift */,
			);
			name = OAuth;
			path = CloudMusicPlayer/OAuth;
			sourceTree = SOURCE_ROOT;
		};
		6E8AFD841C78E15600091B53 /* ViewModels */ = {
			isa = PBXGroup;
			children = (
				6E8AFD851C78E17C00091B53 /* SettingsModel.swift */,
				6EA638771C7A002200DD85A6 /* CloudResourcesModel.swift */,
			);
			name = ViewModels;
			path = CloudMusicPlayer/ViewModels;
			sourceTree = SOURCE_ROOT;
		};
		6EA638791C7A02E500DD85A6 /* Models */ = {
			isa = PBXGroup;
			children = (
			);
			name = Models;
			path = CloudMusicPlayer/Models;
			sourceTree = SOURCE_ROOT;
		};
		6EEB98921C4EBE1700DD5B95 = {
			isa = PBXGroup;
			children = (
				6E94918B1C7B7218006B7696 /* SwiftyJSON.framework */,
				6E2E90A01C7B6CCF006D5A83 /* Alamofire.framework */,
				6E8AFD801C78DBC200091B53 /* RxSwift.framework */,
				6E8AFD811C78DBC200091B53 /* RxCocoa.framework */,
				6E8AFD7C1C78DA7300091B53 /* Result.framework */,
				6EB8C2F71C5019FD0064A00B /* .gitignore */,
				6EEB989D1C4EBE1700DD5B95 /* CloudMusicPlayer */,
				6EEB98B51C4EBE1700DD5B95 /* CloudMusicPlayerTests */,
				6EEB98C01C4EBE1700DD5B95 /* CloudMusicPlayerUITests */,
				6EEB989C1C4EBE1700DD5B95 /* Products */,
			);
			sourceTree = "<group>";
		};
		6EEB989C1C4EBE1700DD5B95 /* Products */ = {
			isa = PBXGroup;
			children = (
				6EEB989B1C4EBE1700DD5B95 /* CloudMusicPlayer.app */,
				6EEB98B21C4EBE1700DD5B95 /* CloudMusicPlayerTests.xctest */,
				6EEB98BD1C4EBE1700DD5B95 /* CloudMusicPlayerUITests.xctest */,
			);
			name = Products;
			sourceTree = "<group>";
		};
		6EEB989D1C4EBE1700DD5B95 /* CloudMusicPlayer */ = {
			isa = PBXGroup;
			children = (
				6EA638791C7A02E500DD85A6 /* Models */,
				6E8AFD841C78E15600091B53 /* ViewModels */,
				6E12B9151C6F83AB00E93FFB /* Keychain */,
				6E12B9141C6F838300E93FFB /* Controllers */,
				6E12B9131C6F835C00E93FFB /* Extensions */,
				6E5254461C675D7C00CA5463 /* OAuth */,
				6EEB989E1C4EBE1700DD5B95 /* AppDelegate.swift */,
				6EEB98A81C4EBE1700DD5B95 /* Assets.xcassets */,
				6EEB98AA1C4EBE1700DD5B95 /* LaunchScreen.storyboard */,
				6EEB98AD1C4EBE1700DD5B95 /* Info.plist */,
				6EEB98A51C4EBE1700DD5B95 /* CloudMusicPlayer.xcdatamodeld */,
				6EA500831C53E6F100B9ED11 /* Main.storyboard */,
				6EE5F8771C5509DF004CF20C /* SharedSettings.swift */,
			);
			path = CloudMusicPlayer;
			sourceTree = "<group>";
		};
		6EEB98B51C4EBE1700DD5B95 /* CloudMusicPlayerTests */ = {
			isa = PBXGroup;
			children = (
				6EEB98B61C4EBE1700DD5B95 /* CloudMusicPlayerTests.swift */,
				6EEB98B81C4EBE1700DD5B95 /* Info.plist */,
			);
			path = CloudMusicPlayerTests;
			sourceTree = "<group>";
		};
		6EEB98C01C4EBE1700DD5B95 /* CloudMusicPlayerUITests */ = {
			isa = PBXGroup;
			children = (
				6EEB98C11C4EBE1700DD5B95 /* CloudMusicPlayerUITests.swift */,
				6EEB98C31C4EBE1700DD5B95 /* Info.plist */,
			);
			path = CloudMusicPlayerUITests;
			sourceTree = "<group>";
		};
/* End PBXGroup section */

/* Begin PBXNativeTarget section */
		6EEB989A1C4EBE1700DD5B95 /* CloudMusicPlayer */ = {
			isa = PBXNativeTarget;
			buildConfigurationList = 6EEB98C61C4EBE1700DD5B95 /* Build configuration list for PBXNativeTarget "CloudMusicPlayer" */;
			buildPhases = (
				6EEB98971C4EBE1700DD5B95 /* Sources */,
				6EEB98981C4EBE1700DD5B95 /* Frameworks */,
				6EEB98991C4EBE1700DD5B95 /* Resources */,
				6E8AFD7F1C78DB3D00091B53 /* ShellScript */,
			);
			buildRules = (
			);
			dependencies = (
			);
			name = CloudMusicPlayer;
			productName = CloudMusicPlayer;
			productReference = 6EEB989B1C4EBE1700DD5B95 /* CloudMusicPlayer.app */;
			productType = "com.apple.product-type.application";
		};
		6EEB98B11C4EBE1700DD5B95 /* CloudMusicPlayerTests */ = {
			isa = PBXNativeTarget;
			buildConfigurationList = 6EEB98C91C4EBE1700DD5B95 /* Build configuration list for PBXNativeTarget "CloudMusicPlayerTests" */;
			buildPhases = (
				6EEB98AE1C4EBE1700DD5B95 /* Sources */,
				6EEB98AF1C4EBE1700DD5B95 /* Frameworks */,
				6EEB98B01C4EBE1700DD5B95 /* Resources */,
			);
			buildRules = (
			);
			dependencies = (
				6EEB98B41C4EBE1700DD5B95 /* PBXTargetDependency */,
			);
			name = CloudMusicPlayerTests;
			productName = CloudMusicPlayerTests;
			productReference = 6EEB98B21C4EBE1700DD5B95 /* CloudMusicPlayerTests.xctest */;
			productType = "com.apple.product-type.bundle.unit-test";
		};
		6EEB98BC1C4EBE1700DD5B95 /* CloudMusicPlayerUITests */ = {
			isa = PBXNativeTarget;
			buildConfigurationList = 6EEB98CC1C4EBE1700DD5B95 /* Build configuration list for PBXNativeTarget "CloudMusicPlayerUITests" */;
			buildPhases = (
				6EEB98B91C4EBE1700DD5B95 /* Sources */,
				6EEB98BA1C4EBE1700DD5B95 /* Frameworks */,
				6EEB98BB1C4EBE1700DD5B95 /* Resources */,
			);
			buildRules = (
			);
			dependencies = (
				6EEB98BF1C4EBE1700DD5B95 /* PBXTargetDependency */,
			);
			name = CloudMusicPlayerUITests;
			productName = CloudMusicPlayerUITests;
			productReference = 6EEB98BD1C4EBE1700DD5B95 /* CloudMusicPlayerUITests.xctest */;
			productType = "com.apple.product-type.bundle.ui-testing";
		};
/* End PBXNativeTarget section */

/* Begin PBXProject section */
		6EEB98931C4EBE1700DD5B95 /* Project object */ = {
			isa = PBXProject;
			attributes = {
				LastSwiftUpdateCheck = 0720;
				LastUpgradeCheck = 0720;
				ORGANIZATIONNAME = "Anton Efimenko";
				TargetAttributes = {
					6EEB989A1C4EBE1700DD5B95 = {
						CreatedOnToolsVersion = 7.2;
						DevelopmentTeam = SJMSRXG797;
					};
					6EEB98B11C4EBE1700DD5B95 = {
						CreatedOnToolsVersion = 7.2;
						DevelopmentTeam = SJMSRXG797;
						TestTargetID = 6EEB989A1C4EBE1700DD5B95;
					};
					6EEB98BC1C4EBE1700DD5B95 = {
						CreatedOnToolsVersion = 7.2;
						DevelopmentTeam = SJMSRXG797;
						TestTargetID = 6EEB989A1C4EBE1700DD5B95;
					};
				};
			};
			buildConfigurationList = 6EEB98961C4EBE1700DD5B95 /* Build configuration list for PBXProject "CloudMusicPlayer" */;
			compatibilityVersion = "Xcode 3.2";
			developmentRegion = English;
			hasScannedForEncodings = 0;
			knownRegions = (
				en,
				Base,
			);
			mainGroup = 6EEB98921C4EBE1700DD5B95;
			productRefGroup = 6EEB989C1C4EBE1700DD5B95 /* Products */;
			projectDirPath = "";
			projectRoot = "";
			targets = (
				6EEB989A1C4EBE1700DD5B95 /* CloudMusicPlayer */,
				6EEB98B11C4EBE1700DD5B95 /* CloudMusicPlayerTests */,
				6EEB98BC1C4EBE1700DD5B95 /* CloudMusicPlayerUITests */,
			);
		};
/* End PBXProject section */

/* Begin PBXResourcesBuildPhase section */
		6EEB98991C4EBE1700DD5B95 /* Resources */ = {
			isa = PBXResourcesBuildPhase;
			buildActionMask = 2147483647;
			files = (
				6EB8C2F81C5019FD0064A00B /* .gitignore in Resources */,
				6EEB98AC1C4EBE1700DD5B95 /* LaunchScreen.storyboard in Resources */,
				6EEB98A91C4EBE1700DD5B95 /* Assets.xcassets in Resources */,
				6EA500841C53E6F100B9ED11 /* Main.storyboard in Resources */,
			);
			runOnlyForDeploymentPostprocessing = 0;
		};
		6EEB98B01C4EBE1700DD5B95 /* Resources */ = {
			isa = PBXResourcesBuildPhase;
			buildActionMask = 2147483647;
			files = (
			);
			runOnlyForDeploymentPostprocessing = 0;
		};
		6EEB98BB1C4EBE1700DD5B95 /* Resources */ = {
			isa = PBXResourcesBuildPhase;
			buildActionMask = 2147483647;
			files = (
			);
			runOnlyForDeploymentPostprocessing = 0;
		};
/* End PBXResourcesBuildPhase section */

/* Begin PBXShellScriptBuildPhase section */
		6E8AFD7F1C78DB3D00091B53 /* ShellScript */ = {
			isa = PBXShellScriptBuildPhase;
			buildActionMask = 2147483647;
			files = (
			);
			inputPaths = (
				"$(SRCROOT)/Carthage/Build/iOS/Result.framework",
				"$(SRCROOT)/Carthage/Build/iOS/RxSwift.framework",
				"$(SRCROOT)/Carthage/Build/iOS/RxCocoa.framework",
				"$(SRCROOT)/Carthage/Build/iOS/Alamofire.framework",
				"$(SRCROOT)/Carthage/Build/iOS/SwiftyJSON.framework",
			);
			outputPaths = (
			);
			runOnlyForDeploymentPostprocessing = 0;
			shellPath = /bin/sh;
			shellScript = "/usr/local/bin/carthage copy-frameworks";
		};
/* End PBXShellScriptBuildPhase section */

/* Begin PBXSourcesBuildPhase section */
		6EEB98971C4EBE1700DD5B95 /* Sources */ = {
			isa = PBXSourcesBuildPhase;
			buildActionMask = 2147483647;
			files = (
				6E12B9121C6F6CB200E93FFB /* Yandex.swift in Sources */,
				6EA638761C79FF4C00DD85A6 /* CloudResourcesStructureController.swift in Sources */,
				6EEB98A11C4EBE1700DD5B95 /* ViewController.swift in Sources */,
				6E8AFD861C78E17C00091B53 /* SettingsModel.swift in Sources */,
				6EA638781C7A002200DD85A6 /* CloudResourcesModel.swift in Sources */,
				6E52544A1C676BE900CA5463 /* NSUserDefaults.swift in Sources */,
				6EE5F8761C550877004CF20C /* SettingsController.swift in Sources */,
				6E11F1D51C53E4F300297EBD /* LoginController.swift in Sources */,
				6EE5F8781C5509DF004CF20C /* SharedSettings.swift in Sources */,
				6EEB98A71C4EBE1700DD5B95 /* CloudMusicPlayer.xcdatamodeld in Sources */,
				6EEB989F1C4EBE1700DD5B95 /* AppDelegate.swift in Sources */,
				6E1F020E1C57F14800490013 /* Keychain.swift in Sources */,
				6E5254481C675D8F00CA5463 /* OAuthResourceBase.swift in Sources */,
			);
			runOnlyForDeploymentPostprocessing = 0;
		};
		6EEB98AE1C4EBE1700DD5B95 /* Sources */ = {
			isa = PBXSourcesBuildPhase;
			buildActionMask = 2147483647;
			files = (
				6EEB98B71C4EBE1700DD5B95 /* CloudMusicPlayerTests.swift in Sources */,
			);
			runOnlyForDeploymentPostprocessing = 0;
		};
		6EEB98B91C4EBE1700DD5B95 /* Sources */ = {
			isa = PBXSourcesBuildPhase;
			buildActionMask = 2147483647;
			files = (
				6EEB98C21C4EBE1700DD5B95 /* CloudMusicPlayerUITests.swift in Sources */,
			);
			runOnlyForDeploymentPostprocessing = 0;
		};
/* End PBXSourcesBuildPhase section */

/* Begin PBXTargetDependency section */
		6EEB98B41C4EBE1700DD5B95 /* PBXTargetDependency */ = {
			isa = PBXTargetDependency;
			target = 6EEB989A1C4EBE1700DD5B95 /* CloudMusicPlayer */;
			targetProxy = 6EEB98B31C4EBE1700DD5B95 /* PBXContainerItemProxy */;
		};
		6EEB98BF1C4EBE1700DD5B95 /* PBXTargetDependency */ = {
			isa = PBXTargetDependency;
			target = 6EEB989A1C4EBE1700DD5B95 /* CloudMusicPlayer */;
			targetProxy = 6EEB98BE1C4EBE1700DD5B95 /* PBXContainerItemProxy */;
		};
/* End PBXTargetDependency section */

/* Begin PBXVariantGroup section */
		6EEB98AA1C4EBE1700DD5B95 /* LaunchScreen.storyboard */ = {
			isa = PBXVariantGroup;
			children = (
				6EEB98AB1C4EBE1700DD5B95 /* Base */,
			);
			name = LaunchScreen.storyboard;
			sourceTree = "<group>";
		};
/* End PBXVariantGroup section */

/* Begin XCBuildConfiguration section */
		6EEB98C41C4EBE1700DD5B95 /* Debug */ = {
			isa = XCBuildConfiguration;
			buildSettings = {
				ALWAYS_SEARCH_USER_PATHS = NO;
				CLANG_CXX_LANGUAGE_STANDARD = "gnu++0x";
				CLANG_CXX_LIBRARY = "libc++";
				CLANG_ENABLE_MODULES = YES;
				CLANG_ENABLE_OBJC_ARC = YES;
				CLANG_WARN_BOOL_CONVERSION = YES;
				CLANG_WARN_CONSTANT_CONVERSION = YES;
				CLANG_WARN_DIRECT_OBJC_ISA_USAGE = YES_ERROR;
				CLANG_WARN_EMPTY_BODY = YES;
				CLANG_WARN_ENUM_CONVERSION = YES;
				CLANG_WARN_INT_CONVERSION = YES;
				CLANG_WARN_OBJC_ROOT_CLASS = YES_ERROR;
				CLANG_WARN_UNREACHABLE_CODE = YES;
				CLANG_WARN__DUPLICATE_METHOD_MATCH = YES;
				"CODE_SIGN_IDENTITY[sdk=iphoneos*]" = "iPhone Developer";
				COPY_PHASE_STRIP = NO;
				DEBUG_INFORMATION_FORMAT = dwarf;
				ENABLE_STRICT_OBJC_MSGSEND = YES;
				ENABLE_TESTABILITY = YES;
				GCC_C_LANGUAGE_STANDARD = gnu99;
				GCC_DYNAMIC_NO_PIC = NO;
				GCC_NO_COMMON_BLOCKS = YES;
				GCC_OPTIMIZATION_LEVEL = 0;
				GCC_PREPROCESSOR_DEFINITIONS = (
					"DEBUG=1",
					"$(inherited)",
				);
				GCC_WARN_64_TO_32_BIT_CONVERSION = YES;
				GCC_WARN_ABOUT_RETURN_TYPE = YES_ERROR;
				GCC_WARN_UNDECLARED_SELECTOR = YES;
				GCC_WARN_UNINITIALIZED_AUTOS = YES_AGGRESSIVE;
				GCC_WARN_UNUSED_FUNCTION = YES;
				GCC_WARN_UNUSED_VARIABLE = YES;
				IPHONEOS_DEPLOYMENT_TARGET = 9.2;
				MTL_ENABLE_DEBUG_INFO = YES;
				ONLY_ACTIVE_ARCH = YES;
				SDKROOT = iphoneos;
				SWIFT_OPTIMIZATION_LEVEL = "-Onone";
				TARGETED_DEVICE_FAMILY = "1,2";
			};
			name = Debug;
		};
		6EEB98C51C4EBE1700DD5B95 /* Release */ = {
			isa = XCBuildConfiguration;
			buildSettings = {
				ALWAYS_SEARCH_USER_PATHS = NO;
				CLANG_CXX_LANGUAGE_STANDARD = "gnu++0x";
				CLANG_CXX_LIBRARY = "libc++";
				CLANG_ENABLE_MODULES = YES;
				CLANG_ENABLE_OBJC_ARC = YES;
				CLANG_WARN_BOOL_CONVERSION = YES;
				CLANG_WARN_CONSTANT_CONVERSION = YES;
				CLANG_WARN_DIRECT_OBJC_ISA_USAGE = YES_ERROR;
				CLANG_WARN_EMPTY_BODY = YES;
				CLANG_WARN_ENUM_CONVERSION = YES;
				CLANG_WARN_INT_CONVERSION = YES;
				CLANG_WARN_OBJC_ROOT_CLASS = YES_ERROR;
				CLANG_WARN_UNREACHABLE_CODE = YES;
				CLANG_WARN__DUPLICATE_METHOD_MATCH = YES;
				"CODE_SIGN_IDENTITY[sdk=iphoneos*]" = "iPhone Developer";
				COPY_PHASE_STRIP = NO;
				DEBUG_INFORMATION_FORMAT = "dwarf-with-dsym";
				ENABLE_NS_ASSERTIONS = NO;
				ENABLE_STRICT_OBJC_MSGSEND = YES;
				GCC_C_LANGUAGE_STANDARD = gnu99;
				GCC_NO_COMMON_BLOCKS = YES;
				GCC_WARN_64_TO_32_BIT_CONVERSION = YES;
				GCC_WARN_ABOUT_RETURN_TYPE = YES_ERROR;
				GCC_WARN_UNDECLARED_SELECTOR = YES;
				GCC_WARN_UNINITIALIZED_AUTOS = YES_AGGRESSIVE;
				GCC_WARN_UNUSED_FUNCTION = YES;
				GCC_WARN_UNUSED_VARIABLE = YES;
				IPHONEOS_DEPLOYMENT_TARGET = 9.2;
				MTL_ENABLE_DEBUG_INFO = NO;
				SDKROOT = iphoneos;
				TARGETED_DEVICE_FAMILY = "1,2";
				VALIDATE_PRODUCT = YES;
			};
			name = Release;
		};
		6EEB98C71C4EBE1700DD5B95 /* Debug */ = {
			isa = XCBuildConfiguration;
			buildSettings = {
				ASSETCATALOG_COMPILER_APPICON_NAME = AppIcon;
				FRAMEWORK_SEARCH_PATHS = (
					"$(inherited)",
					"$(PROJECT_DIR)/Carthage/Build/iOS",
				);
				INFOPLIST_FILE = CloudMusicPlayer/Info.plist;
				LD_RUNPATH_SEARCH_PATHS = "$(inherited) @executable_path/Frameworks";
				PRODUCT_BUNDLE_IDENTIFIER = com.AntonEfimenko.CloudMusicPlayer;
				PRODUCT_NAME = "$(TARGET_NAME)";
			};
			name = Debug;
		};
		6EEB98C81C4EBE1700DD5B95 /* Release */ = {
			isa = XCBuildConfiguration;
			buildSettings = {
				ASSETCATALOG_COMPILER_APPICON_NAME = AppIcon;
				FRAMEWORK_SEARCH_PATHS = (
					"$(inherited)",
					"$(PROJECT_DIR)/Carthage/Build/iOS",
				);
				INFOPLIST_FILE = CloudMusicPlayer/Info.plist;
				LD_RUNPATH_SEARCH_PATHS = "$(inherited) @executable_path/Frameworks";
				PRODUCT_BUNDLE_IDENTIFIER = com.AntonEfimenko.CloudMusicPlayer;
				PRODUCT_NAME = "$(TARGET_NAME)";
			};
			name = Release;
		};
		6EEB98CA1C4EBE1700DD5B95 /* Debug */ = {
			isa = XCBuildConfiguration;
			buildSettings = {
				BUNDLE_LOADER = "$(TEST_HOST)";
				INFOPLIST_FILE = CloudMusicPlayerTests/Info.plist;
				LD_RUNPATH_SEARCH_PATHS = "$(inherited) @executable_path/Frameworks @loader_path/Frameworks";
				PRODUCT_BUNDLE_IDENTIFIER = com.AntonEfimenko.CloudMusicPlayerTests;
				PRODUCT_NAME = "$(TARGET_NAME)";
				TEST_HOST = "$(BUILT_PRODUCTS_DIR)/CloudMusicPlayer.app/CloudMusicPlayer";
			};
			name = Debug;
		};
		6EEB98CB1C4EBE1700DD5B95 /* Release */ = {
			isa = XCBuildConfiguration;
			buildSettings = {
				BUNDLE_LOADER = "$(TEST_HOST)";
				INFOPLIST_FILE = CloudMusicPlayerTests/Info.plist;
				LD_RUNPATH_SEARCH_PATHS = "$(inherited) @executable_path/Frameworks @loader_path/Frameworks";
				PRODUCT_BUNDLE_IDENTIFIER = com.AntonEfimenko.CloudMusicPlayerTests;
				PRODUCT_NAME = "$(TARGET_NAME)";
				TEST_HOST = "$(BUILT_PRODUCTS_DIR)/CloudMusicPlayer.app/CloudMusicPlayer";
			};
			name = Release;
		};
		6EEB98CD1C4EBE1700DD5B95 /* Debug */ = {
			isa = XCBuildConfiguration;
			buildSettings = {
				INFOPLIST_FILE = CloudMusicPlayerUITests/Info.plist;
				LD_RUNPATH_SEARCH_PATHS = "$(inherited) @executable_path/Frameworks @loader_path/Frameworks";
				PRODUCT_BUNDLE_IDENTIFIER = com.AntonEfimenko.CloudMusicPlayerUITests;
				PRODUCT_NAME = "$(TARGET_NAME)";
				TEST_TARGET_NAME = CloudMusicPlayer;
				USES_XCTRUNNER = YES;
			};
			name = Debug;
		};
		6EEB98CE1C4EBE1700DD5B95 /* Release */ = {
			isa = XCBuildConfiguration;
			buildSettings = {
				INFOPLIST_FILE = CloudMusicPlayerUITests/Info.plist;
				LD_RUNPATH_SEARCH_PATHS = "$(inherited) @executable_path/Frameworks @loader_path/Frameworks";
				PRODUCT_BUNDLE_IDENTIFIER = com.AntonEfimenko.CloudMusicPlayerUITests;
				PRODUCT_NAME = "$(TARGET_NAME)";
				TEST_TARGET_NAME = CloudMusicPlayer;
				USES_XCTRUNNER = YES;
			};
			name = Release;
		};
/* End XCBuildConfiguration section */

/* Begin XCConfigurationList section */
		6EEB98961C4EBE1700DD5B95 /* Build configuration list for PBXProject "CloudMusicPlayer" */ = {
			isa = XCConfigurationList;
			buildConfigurations = (
				6EEB98C41C4EBE1700DD5B95 /* Debug */,
				6EEB98C51C4EBE1700DD5B95 /* Release */,
			);
			defaultConfigurationIsVisible = 0;
			defaultConfigurationName = Release;
		};
		6EEB98C61C4EBE1700DD5B95 /* Build configuration list for PBXNativeTarget "CloudMusicPlayer" */ = {
			isa = XCConfigurationList;
			buildConfigurations = (
				6EEB98C71C4EBE1700DD5B95 /* Debug */,
				6EEB98C81C4EBE1700DD5B95 /* Release */,
			);
			defaultConfigurationIsVisible = 0;
			defaultConfigurationName = Release;
		};
		6EEB98C91C4EBE1700DD5B95 /* Build configuration list for PBXNativeTarget "CloudMusicPlayerTests" */ = {
			isa = XCConfigurationList;
			buildConfigurations = (
				6EEB98CA1C4EBE1700DD5B95 /* Debug */,
				6EEB98CB1C4EBE1700DD5B95 /* Release */,
			);
			defaultConfigurationIsVisible = 0;
			defaultConfigurationName = Release;
		};
		6EEB98CC1C4EBE1700DD5B95 /* Build configuration list for PBXNativeTarget "CloudMusicPlayerUITests" */ = {
			isa = XCConfigurationList;
			buildConfigurations = (
				6EEB98CD1C4EBE1700DD5B95 /* Debug */,
				6EEB98CE1C4EBE1700DD5B95 /* Release */,
			);
			defaultConfigurationIsVisible = 0;
			defaultConfigurationName = Release;
		};
/* End XCConfigurationList section */

/* Begin XCVersionGroup section */
		6EEB98A51C4EBE1700DD5B95 /* CloudMusicPlayer.xcdatamodeld */ = {
			isa = XCVersionGroup;
			children = (
				6EEB98A61C4EBE1700DD5B95 /* CloudMusicPlayer.xcdatamodel */,
			);
			currentVersion = 6EEB98A61C4EBE1700DD5B95 /* CloudMusicPlayer.xcdatamodel */;
			path = CloudMusicPlayer.xcdatamodeld;
			sourceTree = "<group>";
			versionGroupType = wrapper.xcdatamodel;
		};
/* End XCVersionGroup section */
	};
	rootObject = 6EEB98931C4EBE1700DD5B95 /* Project object */;
}
