// !$*UTF8*$!
{
	archiveVersion = 1;
	classes = {
	};
	objectVersion = 46;
	objects = {

/* Begin PBXBuildFile section */
		6E07F0E81C9ABD34001027EA /* SPExtensions.swift in Sources */ = {isa = PBXBuildFile; fileRef = 6E07F0E71C9ABD34001027EA /* SPExtensions.swift */; };
		6E07F0F41C9B250C001027EA /* HttpExtensions.swift in Sources */ = {isa = PBXBuildFile; fileRef = 6E07F0F31C9B250C001027EA /* HttpExtensions.swift */; };
		6E08530C1CB7BA030004E193 /* RxPlayer.swift in Sources */ = {isa = PBXBuildFile; fileRef = 6E08530B1CB7BA030004E193 /* RxPlayer.swift */; };
		6E08530E1CB7D83F0004E193 /* RxPlayer+Queue.swift in Sources */ = {isa = PBXBuildFile; fileRef = 6E08530D1CB7D83F0004E193 /* RxPlayer+Queue.swift */; };
		6E088A761CEDB183001EED50 /* CloudAccountsModel.swift in Sources */ = {isa = PBXBuildFile; fileRef = 6E088A751CEDB183001EED50 /* CloudAccountsModel.swift */; };
		6E088A781CEDB5E6001EED50 /* CloudResourceModel.swift in Sources */ = {isa = PBXBuildFile; fileRef = 6E088A771CEDB5E6001EED50 /* CloudResourceModel.swift */; };
		6E088A7A1CEDB89A001EED50 /* CloudAccounts.storyboard in Resources */ = {isa = PBXBuildFile; fileRef = 6E088A791CEDB89A001EED50 /* CloudAccounts.storyboard */; };
		6E088A7C1CEDD278001EED50 /* CloudAccountsController.swift in Sources */ = {isa = PBXBuildFile; fileRef = 6E088A7B1CEDD278001EED50 /* CloudAccountsController.swift */; };
		6E088A7E1CEDD42B001EED50 /* NewAccountCell.swift in Sources */ = {isa = PBXBuildFile; fileRef = 6E088A7D1CEDD42B001EED50 /* NewAccountCell.swift */; };
		6E088A801CEDD43D001EED50 /* ExistedAccountCell.swift in Sources */ = {isa = PBXBuildFile; fileRef = 6E088A7F1CEDD43D001EED50 /* ExistedAccountCell.swift */; };
		6E088A821CEE051E001EED50 /* AddToMediaLibraryController.swift in Sources */ = {isa = PBXBuildFile; fileRef = 6E088A811CEE051E001EED50 /* AddToMediaLibraryController.swift */; };
		6E088A841CEE3029001EED50 /* FolderInfoCell.swift in Sources */ = {isa = PBXBuildFile; fileRef = 6E088A831CEE3029001EED50 /* FolderInfoCell.swift */; };
		6E0A02921C8A0CB500AD9B38 /* StreamDataTask.swift in Sources */ = {isa = PBXBuildFile; fileRef = 6E0A028E1C8A0CB500AD9B38 /* StreamDataTask.swift */; };
		6E0A02941C8A0D0B00AD9B38 /* NSFileManager.swift in Sources */ = {isa = PBXBuildFile; fileRef = 6E0A02931C8A0D0B00AD9B38 /* NSFileManager.swift */; };
		6E0EB27C1CFB476600F7CE2E /* MusicPlayerController.swift in Sources */ = {isa = PBXBuildFile; fileRef = 6E0EB27B1CFB476600F7CE2E /* MusicPlayerController.swift */; };
		6E0EB27E1CFB479F00F7CE2E /* PlayerController.swift in Sources */ = {isa = PBXBuildFile; fileRef = 6E0EB27D1CFB479F00F7CE2E /* PlayerController.swift */; };
		6E106F191C916A740056205F /* main.swift in Sources */ = {isa = PBXBuildFile; fileRef = 6E106F181C916A740056205F /* main.swift */; };
		6E11835A1C7EF48400E71CC5 /* CloudResourceProtocols.swift in Sources */ = {isa = PBXBuildFile; fileRef = 6E1183591C7EF48400E71CC5 /* CloudResourceProtocols.swift */; };
		6E12E06F1CB3C56C00091B9A /* LocalStorage.swift in Sources */ = {isa = PBXBuildFile; fileRef = 6E12E06E1CB3C56C00091B9A /* LocalStorage.swift */; };
		6E12E0711CB3D68300091B9A /* LocalNsUserDefaultsStorage.swift in Sources */ = {isa = PBXBuildFile; fileRef = 6E12E0701CB3D68300091B9A /* LocalNsUserDefaultsStorage.swift */; };
		6E1350D51CDE766D008B1267 /* SwiftyJson.swift in Sources */ = {isa = PBXBuildFile; fileRef = 6E1350D41CDE766D008B1267 /* SwiftyJson.swift */; };
		6E13C7BC1C957FC80060DF24 /* YandexCloudResourceTests.swift in Sources */ = {isa = PBXBuildFile; fileRef = 6E13C7BB1C957FC80060DF24 /* YandexCloudResourceTests.swift */; };
		6E182ED41C81D66300730C59 /* CloudFolderCell.swift in Sources */ = {isa = PBXBuildFile; fileRef = 6E182ED31C81D66300730C59 /* CloudFolderCell.swift */; };
		6E182ED61C81E14700730C59 /* CloudTrackCell.swift in Sources */ = {isa = PBXBuildFile; fileRef = 6E182ED51C81E14700730C59 /* CloudTrackCell.swift */; };
		6E182ED81C81E76300730C59 /* YandexDiskCloudJsonResource.swift in Sources */ = {isa = PBXBuildFile; fileRef = 6E182ED71C81E76300730C59 /* YandexDiskCloudJsonResource.swift */; };
		6E182EDA1C81E81200730C59 /* YandexDiskCloudAudioJsonResource.swift in Sources */ = {isa = PBXBuildFile; fileRef = 6E182ED91C81E81200730C59 /* YandexDiskCloudAudioJsonResource.swift */; };
		6E1F020E1C57F14800490013 /* Keychain.swift in Sources */ = {isa = PBXBuildFile; fileRef = 6E1F020D1C57F14800490013 /* Keychain.swift */; };
		6E1F5BF71CC638ED0035DA4A /* NSFileManagerTests.swift in Sources */ = {isa = PBXBuildFile; fileRef = 6E1F5BF61CC638ED0035DA4A /* NSFileManagerTests.swift */; };
		6E21C9701CEC7C3B00614B0F /* MediaLibraryController.swift in Sources */ = {isa = PBXBuildFile; fileRef = 6E21C96F1CEC7C3B00614B0F /* MediaLibraryController.swift */; };
		6E21C9721CEC86F500614B0F /* AlbumCell.swift in Sources */ = {isa = PBXBuildFile; fileRef = 6E21C9711CEC86F500614B0F /* AlbumCell.swift */; };
		6E21C9761CEC871B00614B0F /* TrackCell.swift in Sources */ = {isa = PBXBuildFile; fileRef = 6E21C9751CEC871B00614B0F /* TrackCell.swift */; };
		6E235DA61C9833DB00351034 /* YandexRoot.json in Resources */ = {isa = PBXBuildFile; fileRef = 6E235DA51C9833DB00351034 /* YandexRoot.json */; };
		6E29026E1CF492CE001C7661 /* LastItemCell.swift in Sources */ = {isa = PBXBuildFile; fileRef = 6E29026D1CF492CE001C7661 /* LastItemCell.swift */; };
		6E2902701CF4A022001C7661 /* MainModel.swift in Sources */ = {isa = PBXBuildFile; fileRef = 6E29026F1CF4A022001C7661 /* MainModel.swift */; };
		6E31A8961C9BF6750017802A /* StreamDataTaskTests.swift in Sources */ = {isa = PBXBuildFile; fileRef = 6E31A8951C9BF6750017802A /* StreamDataTaskTests.swift */; };
		6E31A89A1C9C5AF70017802A /* NSURLSessionDataEventsObserver.swift in Sources */ = {isa = PBXBuildFile; fileRef = 6E31A8991C9C5AF70017802A /* NSURLSessionDataEventsObserver.swift */; };
		6E3572F01CBD003B008FAC87 /* LocalFileStreamDataTask.swift in Sources */ = {isa = PBXBuildFile; fileRef = 6E3572EF1CBD003B008FAC87 /* LocalFileStreamDataTask.swift */; };
		6E3572F21CBD067D008FAC87 /* LocalFileStreamDataTaskTests.swift in Sources */ = {isa = PBXBuildFile; fileRef = 6E3572F11CBD067D008FAC87 /* LocalFileStreamDataTaskTests.swift */; };
		6E3572F41CBD103B008FAC87 /* ContentTypeDefinitionParsingTests.swift in Sources */ = {isa = PBXBuildFile; fileRef = 6E3572F31CBD103B008FAC87 /* ContentTypeDefinitionParsingTests.swift */; };
		6E3572F61CBD25E7008FAC87 /* DownloadManagerTests.swift in Sources */ = {isa = PBXBuildFile; fileRef = 6E3572F51CBD25E7008FAC87 /* DownloadManagerTests.swift */; };
		6E38CE111CE4C0B300B103C7 /* StreamResourceLoader.swift in Sources */ = {isa = PBXBuildFile; fileRef = 6E38CE101CE4C0B300B103C7 /* StreamResourceLoader.swift */; };
		6E38CE151CE4C72600B103C7 /* CloudResourceLoaderTests.swift in Sources */ = {isa = PBXBuildFile; fileRef = 6E38CE141CE4C72600B103C7 /* CloudResourceLoaderTests.swift */; };
		6E3A3F6C1C9981C9001975C8 /* YandexAudioDownloadResponse.json in Resources */ = {isa = PBXBuildFile; fileRef = 6E3A3F6B1C9981C9001975C8 /* YandexAudioDownloadResponse.json */; };
		6E3A3F6E1C99823B001975C8 /* YandexAudioItem.json in Resources */ = {isa = PBXBuildFile; fileRef = 6E3A3F6D1C99823B001975C8 /* YandexAudioItem.json */; };
		6E3D8A5F1CB6807400B604F0 /* StreamResourceIdentifierTests.swift in Sources */ = {isa = PBXBuildFile; fileRef = 6E3D8A5E1CB6807400B604F0 /* StreamResourceIdentifierTests.swift */; };
		6E42729D1CDE0B78003378BC /* CloudResourceClientYandexTests.swift in Sources */ = {isa = PBXBuildFile; fileRef = 6E42729C1CDE0B78003378BC /* CloudResourceClientYandexTests.swift */; };
		6E4319761CBFAF2E007CC9AB /* Float.swift in Sources */ = {isa = PBXBuildFile; fileRef = 6E4319751CBFAF2E007CC9AB /* Float.swift */; };
		6E4319781CBFBD6C007CC9AB /* RxPlayerQueueItem.swift in Sources */ = {isa = PBXBuildFile; fileRef = 6E4319771CBFBD6C007CC9AB /* RxPlayerQueueItem.swift */; };
		6E43197B1CBFC0A8007CC9AB /* MetadataTest.mp3 in Resources */ = {isa = PBXBuildFile; fileRef = 6E43197A1CBFC0A8007CC9AB /* MetadataTest.mp3 */; };
		6E5130911CD9F26800C15C2D /* CloudResourceClient.swift in Sources */ = {isa = PBXBuildFile; fileRef = 6E5130901CD9F26800C15C2D /* CloudResourceClient.swift */; };
		6E5159021CA3D61D001FD036 /* FakeStreamPlayer.swift in Sources */ = {isa = PBXBuildFile; fileRef = 6E5159011CA3D61D001FD036 /* FakeStreamPlayer.swift */; };
		6E52544A1C676BE900CA5463 /* NSUserDefaults.swift in Sources */ = {isa = PBXBuildFile; fileRef = 6E5254491C676BE900CA5463 /* NSUserDefaults.swift */; };
		6E54CBCC1CF19D8E00033075 /* CustomErrorType.swift in Sources */ = {isa = PBXBuildFile; fileRef = 6E54CBCB1CF19D8E00033075 /* CustomErrorType.swift */; };
		6E54CBCE1CF1A10F00033075 /* Result.swift in Sources */ = {isa = PBXBuildFile; fileRef = 6E54CBCD1CF1A10F00033075 /* Result.swift */; };
		6E5B8A2F1CE35A3200785D76 /* RealmMediaLibraryTests.swift in Sources */ = {isa = PBXBuildFile; fileRef = 6E5B8A2E1CE35A3200785D76 /* RealmMediaLibraryTests.swift */; };
		6E6311161CA3D844006C0072 /* AssetResourceLoaderTests.swift in Sources */ = {isa = PBXBuildFile; fileRef = 6E6311151CA3D844006C0072 /* AssetResourceLoaderTests.swift */; };
		6E658BD81CB81FAF0011354C /* RxPlayer+PlayControl.swift in Sources */ = {isa = PBXBuildFile; fileRef = 6E658BD71CB81FAF0011354C /* RxPlayer+PlayControl.swift */; };
		6E66B6361C9F3477004C466D /* NSURLSessionProtocolTests.swift in Sources */ = {isa = PBXBuildFile; fileRef = 6E66B6351C9F3477004C466D /* NSURLSessionProtocolTests.swift */; };
		6E677F441CB7DDB0004EFC42 /* RxPlayerQueueTests.swift in Sources */ = {isa = PBXBuildFile; fileRef = 6E677F431CB7DDB0004EFC42 /* RxPlayerQueueTests.swift */; };
		6E6D78671CAE9ADF00A1A41F /* CacheProvider.swift in Sources */ = {isa = PBXBuildFile; fileRef = 6E6D78661CAE9ADF00A1A41F /* CacheProvider.swift */; };
		6E6DDE471C8DBA59001AE510 /* NSTimer.swift in Sources */ = {isa = PBXBuildFile; fileRef = 6E6DDE461C8DBA59001AE510 /* NSTimer.swift */; };
		6E6DDE491C8DC455001AE510 /* CMTime.swift in Sources */ = {isa = PBXBuildFile; fileRef = 6E6DDE481C8DC455001AE510 /* CMTime.swift */; };
		6E79D0F31CEC7A0A0098326A /* ArtistCell.swift in Sources */ = {isa = PBXBuildFile; fileRef = 6E79D0F21CEC7A0A0098326A /* ArtistCell.swift */; };
		6E8490BE1CA92B7E00366361 /* AudioItemMetadata.swift in Sources */ = {isa = PBXBuildFile; fileRef = 6E8490BD1CA92B7E00366361 /* AudioItemMetadata.swift */; };
		6E8490C01CA9399600366361 /* StreamPlayerUtilities.swift in Sources */ = {isa = PBXBuildFile; fileRef = 6E8490BF1CA9399600366361 /* StreamPlayerUtilities.swift */; };
		6E8490C41CA9733B00366361 /* Collection.swift in Sources */ = {isa = PBXBuildFile; fileRef = 6E8490C31CA9733B00366361 /* Collection.swift */; };
		6E85544F1CEB272300A6FC4E /* OAuth.swift in Sources */ = {isa = PBXBuildFile; fileRef = 6E85544E1CEB272300A6FC4E /* OAuth.swift */; };
		6E8554511CEB3B7F00A6FC4E /* OAuthTypes.swift in Sources */ = {isa = PBXBuildFile; fileRef = 6E8554501CEB3B7F00A6FC4E /* OAuthTypes.swift */; };
		6E8554531CEB54C200A6FC4E /* OAuthAuthenticatorTests.swift in Sources */ = {isa = PBXBuildFile; fileRef = 6E8554521CEB54C200A6FC4E /* OAuthAuthenticatorTests.swift */; };
		6E8554551CEB575100A6FC4E /* YandexOAuthTests.swift in Sources */ = {isa = PBXBuildFile; fileRef = 6E8554541CEB575100A6FC4E /* YandexOAuthTests.swift */; };
		6E8554571CEB5AFB00A6FC4E /* KeychainExtensions.swift in Sources */ = {isa = PBXBuildFile; fileRef = 6E8554561CEB5AFB00A6FC4E /* KeychainExtensions.swift */; };
		6E8554591CEB5B3900A6FC4E /* OAuthExtensions.swift in Sources */ = {isa = PBXBuildFile; fileRef = 6E8554581CEB5B3900A6FC4E /* OAuthExtensions.swift */; };
		6E85545B1CEB7C0A00A6FC4E /* FakeKeychain.swift in Sources */ = {isa = PBXBuildFile; fileRef = 6E85545A1CEB7C0A00A6FC4E /* FakeKeychain.swift */; };
		6E87A9F81CB146F500F999FB /* MemoryCacheProviderTests.swift in Sources */ = {isa = PBXBuildFile; fileRef = 6E87A9F71CB146F500F999FB /* MemoryCacheProviderTests.swift */; };
		6E882ACD1D006B8D0040F529 /* PlayerStatePersistenceProvider.swift in Sources */ = {isa = PBXBuildFile; fileRef = 6E882ACC1D006B8D0040F529 /* PlayerStatePersistenceProvider.swift */; };
		6E89443B1CD1F77900BCE0B1 /* Realm.framework in Frameworks */ = {isa = PBXBuildFile; fileRef = 6E8944391CD1F77900BCE0B1 /* Realm.framework */; };
		6E89443C1CD1F77900BCE0B1 /* RealmSwift.framework in Frameworks */ = {isa = PBXBuildFile; fileRef = 6E89443A1CD1F77900BCE0B1 /* RealmSwift.framework */; };
		6E89443E1CD22BD800BCE0B1 /* RxPlayer+LoadMetadata.swift in Sources */ = {isa = PBXBuildFile; fileRef = 6E89443D1CD22BD800BCE0B1 /* RxPlayer+LoadMetadata.swift */; };
		6E8AFD821C78DBC200091B53 /* RxSwift.framework in Frameworks */ = {isa = PBXBuildFile; fileRef = 6E8AFD801C78DBC200091B53 /* RxSwift.framework */; };
		6E8AFD831C78DBC200091B53 /* RxCocoa.framework in Frameworks */ = {isa = PBXBuildFile; fileRef = 6E8AFD811C78DBC200091B53 /* RxCocoa.framework */; };
		6E8AFD861C78E17C00091B53 /* SettingsViewModel.swift in Sources */ = {isa = PBXBuildFile; fileRef = 6E8AFD851C78E17C00091B53 /* SettingsViewModel.swift */; };
		6E8B06221CFC34E700889D64 /* AddItemsToPlayListController.swift in Sources */ = {isa = PBXBuildFile; fileRef = 6E8B06211CFC34E700889D64 /* AddItemsToPlayListController.swift */; };
		6E8B06241CFC3B8000889D64 /* AddTrackToPlayListModel.swift in Sources */ = {isa = PBXBuildFile; fileRef = 6E8B06231CFC3B8000889D64 /* AddTrackToPlayListModel.swift */; };
		6E90C68D1CD5059C004838F6 /* RealmMediaLibrary.swift in Sources */ = {isa = PBXBuildFile; fileRef = 6E90C68C1CD5059C004838F6 /* RealmMediaLibrary.swift */; };
		6E94918C1C7B7218006B7696 /* SwiftyJSON.framework in Frameworks */ = {isa = PBXBuildFile; fileRef = 6E94918B1C7B7218006B7696 /* SwiftyJSON.framework */; };
		6E97C15C1CBF73DE00D7B5B4 /* RxPlayerMetadataLoadTests.swift in Sources */ = {isa = PBXBuildFile; fileRef = 6E97C15B1CBF73DE00D7B5B4 /* RxPlayerMetadataLoadTests.swift */; };
		6EA16FEE1CC7668A00D4D257 /* CloudResourceCacheProvider.swift in Sources */ = {isa = PBXBuildFile; fileRef = 6EA16FED1CC7668A00D4D257 /* CloudResourceCacheProvider.swift */; };
		6EA16FF41CC787D300D4D257 /* RealmCacheProviderTests.swift in Sources */ = {isa = PBXBuildFile; fileRef = 6EA16FF31CC787D300D4D257 /* RealmCacheProviderTests.swift */; };
		6EA16FF81CC7A4C500D4D257 /* YandexMusicFolderContents_Cached.json in Resources */ = {isa = PBXBuildFile; fileRef = 6EA16FF71CC7A4C500D4D257 /* YandexMusicFolderContents_Cached.json */; };
		6EA347291D057CF600751F0B /* RealmRxPlayerPersistenceProviderTests.swift in Sources */ = {isa = PBXBuildFile; fileRef = 6EA347281D057CF600751F0B /* RealmRxPlayerPersistenceProviderTests.swift */; };
		6EA3A2511C9967FC0042E851 /* YandexMusicFolderContents.json in Resources */ = {isa = PBXBuildFile; fileRef = 6EA3A2501C9967FC0042E851 /* YandexMusicFolderContents.json */; };
		6EA3A2531C9969B30042E851 /* YandexMusicDirItem.json in Resources */ = {isa = PBXBuildFile; fileRef = 6EA3A2521C9969B30042E851 /* YandexMusicDirItem.json */; };
		6EA3B5021CD334E1002E25BA /* InternalPlayer.swift in Sources */ = {isa = PBXBuildFile; fileRef = 6EA3B5011CD334E1002E25BA /* InternalPlayer.swift */; };
		6EA500841C53E6F100B9ED11 /* Main.storyboard in Resources */ = {isa = PBXBuildFile; fileRef = 6EA500831C53E6F100B9ED11 /* Main.storyboard */; };
		6EA638761C79FF4C00DD85A6 /* CloudResourcesStructureController.swift in Sources */ = {isa = PBXBuildFile; fileRef = 6EA638751C79FF4C00DD85A6 /* CloudResourcesStructureController.swift */; };
		6EA638781C7A002200DD85A6 /* CloudResourcesViewModel.swift in Sources */ = {isa = PBXBuildFile; fileRef = 6EA638771C7A002200DD85A6 /* CloudResourcesViewModel.swift */; };
		6EAFAD821CA137B1008A0177 /* AVAssetResourceLoaderEventsObserver.swift in Sources */ = {isa = PBXBuildFile; fileRef = 6EAFAD811CA137B1008A0177 /* AVAssetResourceLoaderEventsObserver.swift */; };
		6EAFBDA81CF0BF6B00066E19 /* PlayListInfoController.swift in Sources */ = {isa = PBXBuildFile; fileRef = 6EAFBDA71CF0BF6B00066E19 /* PlayListInfoController.swift */; };
		6EAFBDAA1CF0BFD600066E19 /* PlayListInfoModel.swift in Sources */ = {isa = PBXBuildFile; fileRef = 6EAFBDA91CF0BFD600066E19 /* PlayListInfoModel.swift */; };
		6EB1929B1CC3B0A200FF3024 /* cover_placeholder.jpg in Resources */ = {isa = PBXBuildFile; fileRef = 6EB1929A1CC3B0A200FF3024 /* cover_placeholder.jpg */; };
		6EB1929D1CC3B45D00FF3024 /* PlayerQueueController.swift in Sources */ = {isa = PBXBuildFile; fileRef = 6EB1929C1CC3B45D00FF3024 /* PlayerQueueController.swift */; };
		6EB1929F1CC3BC8100FF3024 /* QueueTrackCell.swift in Sources */ = {isa = PBXBuildFile; fileRef = 6EB1929E1CC3BC8100FF3024 /* QueueTrackCell.swift */; };
		6EB8C2F81C5019FD0064A00B /* .gitignore in Resources */ = {isa = PBXBuildFile; fileRef = 6EB8C2F71C5019FD0064A00B /* .gitignore */; };
		6EBCBA4A1CD51759007AE9DA /* SJSON.swift in Sources */ = {isa = PBXBuildFile; fileRef = 6EBCBA491CD51759007AE9DA /* SJSON.swift */; };
		6EBCBA4C1CD5198A007AE9DA /* SJSONTests.swift in Sources */ = {isa = PBXBuildFile; fileRef = 6EBCBA4B1CD5198A007AE9DA /* SJSONTests.swift */; };
		6EBFE0FB1CAA7C7D0003D12C /* StreamResourceIdentifier.swift in Sources */ = {isa = PBXBuildFile; fileRef = 6EBFE0FA1CAA7C7D0003D12C /* StreamResourceIdentifier.swift */; };
		6EBFE0FD1CAAC7130003D12C /* NSMutableOrderedSet.swift in Sources */ = {isa = PBXBuildFile; fileRef = 6EBFE0FC1CAAC7130003D12C /* NSMutableOrderedSet.swift */; };
		6EC021201C8B3E0200E30BE1 /* MusicPlayerViewModel.swift in Sources */ = {isa = PBXBuildFile; fileRef = 6EC0211F1C8B3E0200E30BE1 /* MusicPlayerViewModel.swift */; };
		6EC4A4231C8D81750030476D /* Dictionary.swift in Sources */ = {isa = PBXBuildFile; fileRef = 6EC4A4221C8D81750030476D /* Dictionary.swift */; };
		6EC57F3A1CFCB3D300A2F056 /* RxPlayer+Background.swift in Sources */ = {isa = PBXBuildFile; fileRef = 6EC57F391CFCB3D300A2F056 /* RxPlayer+Background.swift */; };
		6ED920601CCA4B8000900CCB /* MediaLibrary.swift in Sources */ = {isa = PBXBuildFile; fileRef = 6ED9205F1CCA4B8000900CCB /* MediaLibrary.swift */; };
		6EDB49831CBE419900F82E02 /* NSURL.swift in Sources */ = {isa = PBXBuildFile; fileRef = 6EDB49821CBE419900F82E02 /* NSURL.swift */; };
		6EDB49851CBE489700F82E02 /* FakeNSUserDefaults.swift in Sources */ = {isa = PBXBuildFile; fileRef = 6EDB49841CBE489700F82E02 /* FakeNSUserDefaults.swift */; };
		6EE0CCC31C96B85D002F4D9D /* FakeHttp.swift in Sources */ = {isa = PBXBuildFile; fileRef = 6EE0CCC21C96B85D002F4D9D /* FakeHttp.swift */; };
		6EE0CCC61C96CAA4002F4D9D /* HttpClient.swift in Sources */ = {isa = PBXBuildFile; fileRef = 6EE0CCC51C96CAA4002F4D9D /* HttpClient.swift */; };
		6EE0CCCA1C96CBEE002F4D9D /* HttpClientBasicTests.swift in Sources */ = {isa = PBXBuildFile; fileRef = 6EE0CCC91C96CBEE002F4D9D /* HttpClientBasicTests.swift */; };
		6EE0CCCE1C96F31F002F4D9D /* NSURLTests.swift in Sources */ = {isa = PBXBuildFile; fileRef = 6EE0CCCD1C96F31F002F4D9D /* NSURLTests.swift */; };
		6EE5F8761C550877004CF20C /* SettingsController.swift in Sources */ = {isa = PBXBuildFile; fileRef = 6EE5F8751C550877004CF20C /* SettingsController.swift */; };
		6EE857BA1C988BD3002809B5 /* HttpUtilitiesTests.swift in Sources */ = {isa = PBXBuildFile; fileRef = 6EE857B91C988BD3002809B5 /* HttpUtilitiesTests.swift */; };
		6EEAD6FC1CEC878D00127852 /* PlayListCell.swift in Sources */ = {isa = PBXBuildFile; fileRef = 6EEAD6FB1CEC878D00127852 /* PlayListCell.swift */; };
		6EEB989F1C4EBE1700DD5B95 /* AppDelegate.swift in Sources */ = {isa = PBXBuildFile; fileRef = 6EEB989E1C4EBE1700DD5B95 /* AppDelegate.swift */; };
		6EEB98A71C4EBE1700DD5B95 /* CloudMusicPlayer.xcdatamodeld in Sources */ = {isa = PBXBuildFile; fileRef = 6EEB98A51C4EBE1700DD5B95 /* CloudMusicPlayer.xcdatamodeld */; };
		6EEB98A91C4EBE1700DD5B95 /* Assets.xcassets in Resources */ = {isa = PBXBuildFile; fileRef = 6EEB98A81C4EBE1700DD5B95 /* Assets.xcassets */; };
		6EEB98AC1C4EBE1700DD5B95 /* LaunchScreen.storyboard in Resources */ = {isa = PBXBuildFile; fileRef = 6EEB98AA1C4EBE1700DD5B95 /* LaunchScreen.storyboard */; };
		6EEC8F791CA0393100B30B85 /* RxPlayer+AssetLoader.swift in Sources */ = {isa = PBXBuildFile; fileRef = 6EEC8F781CA0393100B30B85 /* RxPlayer+AssetLoader.swift */; };
		6EECECD01C97EE54007B37CC /* HttpUtilities.swift in Sources */ = {isa = PBXBuildFile; fileRef = 6EECECCF1C97EE54007B37CC /* HttpUtilities.swift */; };
		6EECECD21C97F664007B37CC /* FakeCloudResource.swift in Sources */ = {isa = PBXBuildFile; fileRef = 6EECECD11C97F664007B37CC /* FakeCloudResource.swift */; };
		6EF3753D1CBA8EB0006D69AC /* RxPlayerPlayControlsTests.swift in Sources */ = {isa = PBXBuildFile; fileRef = 6EF3753C1CBA8EB0006D69AC /* RxPlayerPlayControlsTests.swift */; };
		6EF7476C1CBABC23008AA08B /* DownloadManager.swift in Sources */ = {isa = PBXBuildFile; fileRef = 6EF7476B1CBABC23008AA08B /* DownloadManager.swift */; };
/* End PBXBuildFile section */

/* Begin PBXContainerItemProxy section */
		6EEB98B31C4EBE1700DD5B95 /* PBXContainerItemProxy */ = {
			isa = PBXContainerItemProxy;
			containerPortal = 6EEB98931C4EBE1700DD5B95 /* Project object */;
			proxyType = 1;
			remoteGlobalIDString = 6EEB989A1C4EBE1700DD5B95;
			remoteInfo = CloudMusicPlayer;
		};
		6EEB98BE1C4EBE1700DD5B95 /* PBXContainerItemProxy */ = {
			isa = PBXContainerItemProxy;
			containerPortal = 6EEB98931C4EBE1700DD5B95 /* Project object */;
			proxyType = 1;
			remoteGlobalIDString = 6EEB989A1C4EBE1700DD5B95;
			remoteInfo = CloudMusicPlayer;
		};
/* End PBXContainerItemProxy section */

/* Begin PBXFileReference section */
		6E07F0E71C9ABD34001027EA /* SPExtensions.swift */ = {isa = PBXFileReference; fileEncoding = 4; lastKnownFileType = sourcecode.swift; path = SPExtensions.swift; sourceTree = "<group>"; };
		6E07F0F31C9B250C001027EA /* HttpExtensions.swift */ = {isa = PBXFileReference; fileEncoding = 4; lastKnownFileType = sourcecode.swift; path = HttpExtensions.swift; sourceTree = "<group>"; };
		6E08530B1CB7BA030004E193 /* RxPlayer.swift */ = {isa = PBXFileReference; fileEncoding = 4; lastKnownFileType = sourcecode.swift; path = RxPlayer.swift; sourceTree = "<group>"; };
		6E08530D1CB7D83F0004E193 /* RxPlayer+Queue.swift */ = {isa = PBXFileReference; fileEncoding = 4; lastKnownFileType = sourcecode.swift; path = "RxPlayer+Queue.swift"; sourceTree = "<group>"; };
		6E088A751CEDB183001EED50 /* CloudAccountsModel.swift */ = {isa = PBXFileReference; fileEncoding = 4; lastKnownFileType = sourcecode.swift; path = CloudAccountsModel.swift; sourceTree = "<group>"; };
		6E088A771CEDB5E6001EED50 /* CloudResourceModel.swift */ = {isa = PBXFileReference; fileEncoding = 4; lastKnownFileType = sourcecode.swift; path = CloudResourceModel.swift; sourceTree = "<group>"; };
		6E088A791CEDB89A001EED50 /* CloudAccounts.storyboard */ = {isa = PBXFileReference; fileEncoding = 4; lastKnownFileType = file.storyboard; name = CloudAccounts.storyboard; path = ../CloudAccounts.storyboard; sourceTree = "<group>"; };
		6E088A7B1CEDD278001EED50 /* CloudAccountsController.swift */ = {isa = PBXFileReference; fileEncoding = 4; lastKnownFileType = sourcecode.swift; path = CloudAccountsController.swift; sourceTree = "<group>"; };
		6E088A7D1CEDD42B001EED50 /* NewAccountCell.swift */ = {isa = PBXFileReference; fileEncoding = 4; lastKnownFileType = sourcecode.swift; path = NewAccountCell.swift; sourceTree = "<group>"; };
		6E088A7F1CEDD43D001EED50 /* ExistedAccountCell.swift */ = {isa = PBXFileReference; fileEncoding = 4; lastKnownFileType = sourcecode.swift; path = ExistedAccountCell.swift; sourceTree = "<group>"; };
		6E088A811CEE051E001EED50 /* AddToMediaLibraryController.swift */ = {isa = PBXFileReference; fileEncoding = 4; lastKnownFileType = sourcecode.swift; path = AddToMediaLibraryController.swift; sourceTree = "<group>"; };
		6E088A831CEE3029001EED50 /* FolderInfoCell.swift */ = {isa = PBXFileReference; fileEncoding = 4; lastKnownFileType = sourcecode.swift; path = FolderInfoCell.swift; sourceTree = "<group>"; };
		6E0A028E1C8A0CB500AD9B38 /* StreamDataTask.swift */ = {isa = PBXFileReference; fileEncoding = 4; lastKnownFileType = sourcecode.swift; name = StreamDataTask.swift; path = CloudMusicPlayer/HttpExtensions/Stream/StreamDataTask.swift; sourceTree = SOURCE_ROOT; };
		6E0A02931C8A0D0B00AD9B38 /* NSFileManager.swift */ = {isa = PBXFileReference; fileEncoding = 4; lastKnownFileType = sourcecode.swift; path = NSFileManager.swift; sourceTree = "<group>"; };
		6E0EB27B1CFB476600F7CE2E /* MusicPlayerController.swift */ = {isa = PBXFileReference; fileEncoding = 4; lastKnownFileType = sourcecode.swift; path = MusicPlayerController.swift; sourceTree = "<group>"; };
		6E0EB27D1CFB479F00F7CE2E /* PlayerController.swift */ = {isa = PBXFileReference; fileEncoding = 4; lastKnownFileType = sourcecode.swift; path = PlayerController.swift; sourceTree = "<group>"; };
		6E106F181C916A740056205F /* main.swift */ = {isa = PBXFileReference; fileEncoding = 4; lastKnownFileType = sourcecode.swift; path = main.swift; sourceTree = "<group>"; };
		6E1183591C7EF48400E71CC5 /* CloudResourceProtocols.swift */ = {isa = PBXFileReference; fileEncoding = 4; lastKnownFileType = sourcecode.swift; path = CloudResourceProtocols.swift; sourceTree = "<group>"; };
		6E12E06E1CB3C56C00091B9A /* LocalStorage.swift */ = {isa = PBXFileReference; fileEncoding = 4; lastKnownFileType = sourcecode.swift; path = LocalStorage.swift; sourceTree = "<group>"; };
		6E12E0701CB3D68300091B9A /* LocalNsUserDefaultsStorage.swift */ = {isa = PBXFileReference; fileEncoding = 4; lastKnownFileType = sourcecode.swift; path = LocalNsUserDefaultsStorage.swift; sourceTree = "<group>"; };
		6E1350D41CDE766D008B1267 /* SwiftyJson.swift */ = {isa = PBXFileReference; fileEncoding = 4; lastKnownFileType = sourcecode.swift; path = SwiftyJson.swift; sourceTree = "<group>"; };
		6E13C7BB1C957FC80060DF24 /* YandexCloudResourceTests.swift */ = {isa = PBXFileReference; fileEncoding = 4; lastKnownFileType = sourcecode.swift; path = YandexCloudResourceTests.swift; sourceTree = "<group>"; };
		6E182ED31C81D66300730C59 /* CloudFolderCell.swift */ = {isa = PBXFileReference; fileEncoding = 4; lastKnownFileType = sourcecode.swift; path = CloudFolderCell.swift; sourceTree = "<group>"; };
		6E182ED51C81E14700730C59 /* CloudTrackCell.swift */ = {isa = PBXFileReference; fileEncoding = 4; lastKnownFileType = sourcecode.swift; path = CloudTrackCell.swift; sourceTree = "<group>"; };
		6E182ED71C81E76300730C59 /* YandexDiskCloudJsonResource.swift */ = {isa = PBXFileReference; fileEncoding = 4; lastKnownFileType = sourcecode.swift; path = YandexDiskCloudJsonResource.swift; sourceTree = "<group>"; };
		6E182ED91C81E81200730C59 /* YandexDiskCloudAudioJsonResource.swift */ = {isa = PBXFileReference; fileEncoding = 4; lastKnownFileType = sourcecode.swift; path = YandexDiskCloudAudioJsonResource.swift; sourceTree = "<group>"; };
		6E1F020D1C57F14800490013 /* Keychain.swift */ = {isa = PBXFileReference; fileEncoding = 4; lastKnownFileType = sourcecode.swift; name = Keychain.swift; path = CloudMusicPlayer/Keychain/Keychain.swift; sourceTree = SOURCE_ROOT; };
		6E1F5BF61CC638ED0035DA4A /* NSFileManagerTests.swift */ = {isa = PBXFileReference; fileEncoding = 4; lastKnownFileType = sourcecode.swift; path = NSFileManagerTests.swift; sourceTree = "<group>"; };
		6E21C96F1CEC7C3B00614B0F /* MediaLibraryController.swift */ = {isa = PBXFileReference; fileEncoding = 4; lastKnownFileType = sourcecode.swift; path = MediaLibraryController.swift; sourceTree = "<group>"; };
		6E21C9711CEC86F500614B0F /* AlbumCell.swift */ = {isa = PBXFileReference; fileEncoding = 4; lastKnownFileType = sourcecode.swift; path = AlbumCell.swift; sourceTree = "<group>"; };
		6E21C9751CEC871B00614B0F /* TrackCell.swift */ = {isa = PBXFileReference; fileEncoding = 4; lastKnownFileType = sourcecode.swift; path = TrackCell.swift; sourceTree = "<group>"; };
		6E235DA51C9833DB00351034 /* YandexRoot.json */ = {isa = PBXFileReference; fileEncoding = 4; lastKnownFileType = text.json; path = YandexRoot.json; sourceTree = "<group>"; };
		6E29026D1CF492CE001C7661 /* LastItemCell.swift */ = {isa = PBXFileReference; fileEncoding = 4; lastKnownFileType = sourcecode.swift; path = LastItemCell.swift; sourceTree = "<group>"; };
		6E29026F1CF4A022001C7661 /* MainModel.swift */ = {isa = PBXFileReference; fileEncoding = 4; lastKnownFileType = sourcecode.swift; path = MainModel.swift; sourceTree = "<group>"; };
		6E31A8951C9BF6750017802A /* StreamDataTaskTests.swift */ = {isa = PBXFileReference; fileEncoding = 4; lastKnownFileType = sourcecode.swift; path = StreamDataTaskTests.swift; sourceTree = "<group>"; };
		6E31A8991C9C5AF70017802A /* NSURLSessionDataEventsObserver.swift */ = {isa = PBXFileReference; fileEncoding = 4; lastKnownFileType = sourcecode.swift; path = NSURLSessionDataEventsObserver.swift; sourceTree = "<group>"; };
		6E3572EF1CBD003B008FAC87 /* LocalFileStreamDataTask.swift */ = {isa = PBXFileReference; fileEncoding = 4; lastKnownFileType = sourcecode.swift; path = LocalFileStreamDataTask.swift; sourceTree = "<group>"; };
		6E3572F11CBD067D008FAC87 /* LocalFileStreamDataTaskTests.swift */ = {isa = PBXFileReference; fileEncoding = 4; lastKnownFileType = sourcecode.swift; path = LocalFileStreamDataTaskTests.swift; sourceTree = "<group>"; };
		6E3572F31CBD103B008FAC87 /* ContentTypeDefinitionParsingTests.swift */ = {isa = PBXFileReference; fileEncoding = 4; lastKnownFileType = sourcecode.swift; path = ContentTypeDefinitionParsingTests.swift; sourceTree = "<group>"; };
		6E3572F51CBD25E7008FAC87 /* DownloadManagerTests.swift */ = {isa = PBXFileReference; fileEncoding = 4; lastKnownFileType = sourcecode.swift; path = DownloadManagerTests.swift; sourceTree = "<group>"; };
		6E38CE101CE4C0B300B103C7 /* StreamResourceLoader.swift */ = {isa = PBXFileReference; fileEncoding = 4; lastKnownFileType = sourcecode.swift; path = StreamResourceLoader.swift; sourceTree = "<group>"; };
		6E38CE141CE4C72600B103C7 /* CloudResourceLoaderTests.swift */ = {isa = PBXFileReference; fileEncoding = 4; lastKnownFileType = sourcecode.swift; path = CloudResourceLoaderTests.swift; sourceTree = "<group>"; };
		6E3A3F6B1C9981C9001975C8 /* YandexAudioDownloadResponse.json */ = {isa = PBXFileReference; fileEncoding = 4; lastKnownFileType = text.json; path = YandexAudioDownloadResponse.json; sourceTree = "<group>"; };
		6E3A3F6D1C99823B001975C8 /* YandexAudioItem.json */ = {isa = PBXFileReference; fileEncoding = 4; lastKnownFileType = text.json; path = YandexAudioItem.json; sourceTree = "<group>"; };
		6E3D8A5E1CB6807400B604F0 /* StreamResourceIdentifierTests.swift */ = {isa = PBXFileReference; fileEncoding = 4; lastKnownFileType = sourcecode.swift; path = StreamResourceIdentifierTests.swift; sourceTree = "<group>"; };
		6E42729C1CDE0B78003378BC /* CloudResourceClientYandexTests.swift */ = {isa = PBXFileReference; fileEncoding = 4; lastKnownFileType = sourcecode.swift; path = CloudResourceClientYandexTests.swift; sourceTree = "<group>"; };
		6E4319751CBFAF2E007CC9AB /* Float.swift */ = {isa = PBXFileReference; fileEncoding = 4; lastKnownFileType = sourcecode.swift; path = Float.swift; sourceTree = "<group>"; };
		6E4319771CBFBD6C007CC9AB /* RxPlayerQueueItem.swift */ = {isa = PBXFileReference; fileEncoding = 4; lastKnownFileType = sourcecode.swift; path = RxPlayerQueueItem.swift; sourceTree = "<group>"; };
		6E43197A1CBFC0A8007CC9AB /* MetadataTest.mp3 */ = {isa = PBXFileReference; lastKnownFileType = audio.mp3; path = MetadataTest.mp3; sourceTree = "<group>"; };
		6E5130901CD9F26800C15C2D /* CloudResourceClient.swift */ = {isa = PBXFileReference; fileEncoding = 4; lastKnownFileType = sourcecode.swift; path = CloudResourceClient.swift; sourceTree = "<group>"; };
		6E5159011CA3D61D001FD036 /* FakeStreamPlayer.swift */ = {isa = PBXFileReference; fileEncoding = 4; lastKnownFileType = sourcecode.swift; path = FakeStreamPlayer.swift; sourceTree = "<group>"; };
		6E5254491C676BE900CA5463 /* NSUserDefaults.swift */ = {isa = PBXFileReference; fileEncoding = 4; lastKnownFileType = sourcecode.swift; path = NSUserDefaults.swift; sourceTree = "<group>"; };
		6E54CBCB1CF19D8E00033075 /* CustomErrorType.swift */ = {isa = PBXFileReference; fileEncoding = 4; lastKnownFileType = sourcecode.swift; path = CustomErrorType.swift; sourceTree = "<group>"; };
		6E54CBCD1CF1A10F00033075 /* Result.swift */ = {isa = PBXFileReference; fileEncoding = 4; lastKnownFileType = sourcecode.swift; path = Result.swift; sourceTree = "<group>"; };
		6E5B8A2E1CE35A3200785D76 /* RealmMediaLibraryTests.swift */ = {isa = PBXFileReference; fileEncoding = 4; lastKnownFileType = sourcecode.swift; path = RealmMediaLibraryTests.swift; sourceTree = "<group>"; };
		6E6311151CA3D844006C0072 /* AssetResourceLoaderTests.swift */ = {isa = PBXFileReference; fileEncoding = 4; lastKnownFileType = sourcecode.swift; path = AssetResourceLoaderTests.swift; sourceTree = "<group>"; };
		6E658BD71CB81FAF0011354C /* RxPlayer+PlayControl.swift */ = {isa = PBXFileReference; fileEncoding = 4; lastKnownFileType = sourcecode.swift; path = "RxPlayer+PlayControl.swift"; sourceTree = "<group>"; };
		6E66B6351C9F3477004C466D /* NSURLSessionProtocolTests.swift */ = {isa = PBXFileReference; fileEncoding = 4; lastKnownFileType = sourcecode.swift; path = NSURLSessionProtocolTests.swift; sourceTree = "<group>"; };
		6E677F431CB7DDB0004EFC42 /* RxPlayerQueueTests.swift */ = {isa = PBXFileReference; fileEncoding = 4; lastKnownFileType = sourcecode.swift; path = RxPlayerQueueTests.swift; sourceTree = "<group>"; };
		6E6D78661CAE9ADF00A1A41F /* CacheProvider.swift */ = {isa = PBXFileReference; fileEncoding = 4; lastKnownFileType = sourcecode.swift; path = CacheProvider.swift; sourceTree = "<group>"; };
		6E6DDE461C8DBA59001AE510 /* NSTimer.swift */ = {isa = PBXFileReference; fileEncoding = 4; lastKnownFileType = sourcecode.swift; path = NSTimer.swift; sourceTree = "<group>"; };
		6E6DDE481C8DC455001AE510 /* CMTime.swift */ = {isa = PBXFileReference; fileEncoding = 4; lastKnownFileType = sourcecode.swift; path = CMTime.swift; sourceTree = "<group>"; };
		6E7869721CD73FB700587103 /* GoogleDriveCloudAudioJsonResource.swift */ = {isa = PBXFileReference; fileEncoding = 4; lastKnownFileType = sourcecode.swift; path = GoogleDriveCloudAudioJsonResource.swift; sourceTree = "<group>"; };
		6E79D0F21CEC7A0A0098326A /* ArtistCell.swift */ = {isa = PBXFileReference; fileEncoding = 4; lastKnownFileType = sourcecode.swift; path = ArtistCell.swift; sourceTree = "<group>"; };
		6E8490BD1CA92B7E00366361 /* AudioItemMetadata.swift */ = {isa = PBXFileReference; fileEncoding = 4; lastKnownFileType = sourcecode.swift; path = AudioItemMetadata.swift; sourceTree = "<group>"; };
		6E8490BF1CA9399600366361 /* StreamPlayerUtilities.swift */ = {isa = PBXFileReference; fileEncoding = 4; lastKnownFileType = sourcecode.swift; path = StreamPlayerUtilities.swift; sourceTree = "<group>"; };
		6E8490C31CA9733B00366361 /* Collection.swift */ = {isa = PBXFileReference; fileEncoding = 4; lastKnownFileType = sourcecode.swift; path = Collection.swift; sourceTree = "<group>"; };
		6E85544E1CEB272300A6FC4E /* OAuth.swift */ = {isa = PBXFileReference; fileEncoding = 4; lastKnownFileType = sourcecode.swift; path = OAuth.swift; sourceTree = "<group>"; };
		6E8554501CEB3B7F00A6FC4E /* OAuthTypes.swift */ = {isa = PBXFileReference; fileEncoding = 4; lastKnownFileType = sourcecode.swift; path = OAuthTypes.swift; sourceTree = "<group>"; };
		6E8554521CEB54C200A6FC4E /* OAuthAuthenticatorTests.swift */ = {isa = PBXFileReference; fileEncoding = 4; lastKnownFileType = sourcecode.swift; path = OAuthAuthenticatorTests.swift; sourceTree = "<group>"; };
		6E8554541CEB575100A6FC4E /* YandexOAuthTests.swift */ = {isa = PBXFileReference; fileEncoding = 4; lastKnownFileType = sourcecode.swift; path = YandexOAuthTests.swift; sourceTree = "<group>"; };
		6E8554561CEB5AFB00A6FC4E /* KeychainExtensions.swift */ = {isa = PBXFileReference; fileEncoding = 4; lastKnownFileType = sourcecode.swift; path = KeychainExtensions.swift; sourceTree = "<group>"; };
		6E8554581CEB5B3900A6FC4E /* OAuthExtensions.swift */ = {isa = PBXFileReference; fileEncoding = 4; lastKnownFileType = sourcecode.swift; path = OAuthExtensions.swift; sourceTree = "<group>"; };
		6E85545A1CEB7C0A00A6FC4E /* FakeKeychain.swift */ = {isa = PBXFileReference; fileEncoding = 4; lastKnownFileType = sourcecode.swift; path = FakeKeychain.swift; sourceTree = "<group>"; };
		6E87A9F71CB146F500F999FB /* MemoryCacheProviderTests.swift */ = {isa = PBXFileReference; fileEncoding = 4; lastKnownFileType = sourcecode.swift; path = MemoryCacheProviderTests.swift; sourceTree = "<group>"; };
		6E882ACC1D006B8D0040F529 /* PlayerStatePersistenceProvider.swift */ = {isa = PBXFileReference; fileEncoding = 4; lastKnownFileType = sourcecode.swift; path = PlayerStatePersistenceProvider.swift; sourceTree = "<group>"; };
		6E8944391CD1F77900BCE0B1 /* Realm.framework */ = {isa = PBXFileReference; lastKnownFileType = wrapper.framework; name = Realm.framework; path = Carthage/Build/iOS/Realm.framework; sourceTree = "<group>"; };
		6E89443A1CD1F77900BCE0B1 /* RealmSwift.framework */ = {isa = PBXFileReference; lastKnownFileType = wrapper.framework; name = RealmSwift.framework; path = Carthage/Build/iOS/RealmSwift.framework; sourceTree = "<group>"; };
		6E89443D1CD22BD800BCE0B1 /* RxPlayer+LoadMetadata.swift */ = {isa = PBXFileReference; fileEncoding = 4; lastKnownFileType = sourcecode.swift; path = "RxPlayer+LoadMetadata.swift"; sourceTree = "<group>"; };
		6E8AFD801C78DBC200091B53 /* RxSwift.framework */ = {isa = PBXFileReference; lastKnownFileType = wrapper.framework; name = RxSwift.framework; path = Carthage/Build/iOS/RxSwift.framework; sourceTree = "<group>"; };
		6E8AFD811C78DBC200091B53 /* RxCocoa.framework */ = {isa = PBXFileReference; lastKnownFileType = wrapper.framework; name = RxCocoa.framework; path = Carthage/Build/iOS/RxCocoa.framework; sourceTree = "<group>"; };
		6E8AFD851C78E17C00091B53 /* SettingsViewModel.swift */ = {isa = PBXFileReference; fileEncoding = 4; lastKnownFileType = sourcecode.swift; path = SettingsViewModel.swift; sourceTree = "<group>"; };
		6E8B06211CFC34E700889D64 /* AddItemsToPlayListController.swift */ = {isa = PBXFileReference; fileEncoding = 4; lastKnownFileType = sourcecode.swift; path = AddItemsToPlayListController.swift; sourceTree = "<group>"; };
		6E8B06231CFC3B8000889D64 /* AddTrackToPlayListModel.swift */ = {isa = PBXFileReference; fileEncoding = 4; lastKnownFileType = sourcecode.swift; path = AddTrackToPlayListModel.swift; sourceTree = "<group>"; };
		6E90C68C1CD5059C004838F6 /* RealmMediaLibrary.swift */ = {isa = PBXFileReference; fileEncoding = 4; lastKnownFileType = sourcecode.swift; path = RealmMediaLibrary.swift; sourceTree = "<group>"; };
		6E94918B1C7B7218006B7696 /* SwiftyJSON.framework */ = {isa = PBXFileReference; lastKnownFileType = wrapper.framework; name = SwiftyJSON.framework; path = Carthage/Build/iOS/SwiftyJSON.framework; sourceTree = "<group>"; };
		6E97C15B1CBF73DE00D7B5B4 /* RxPlayerMetadataLoadTests.swift */ = {isa = PBXFileReference; fileEncoding = 4; lastKnownFileType = sourcecode.swift; path = RxPlayerMetadataLoadTests.swift; sourceTree = "<group>"; };
		6EA16FED1CC7668A00D4D257 /* CloudResourceCacheProvider.swift */ = {isa = PBXFileReference; fileEncoding = 4; lastKnownFileType = sourcecode.swift; path = CloudResourceCacheProvider.swift; sourceTree = "<group>"; };
		6EA16FF31CC787D300D4D257 /* RealmCacheProviderTests.swift */ = {isa = PBXFileReference; fileEncoding = 4; lastKnownFileType = sourcecode.swift; path = RealmCacheProviderTests.swift; sourceTree = "<group>"; };
		6EA16FF71CC7A4C500D4D257 /* YandexMusicFolderContents_Cached.json */ = {isa = PBXFileReference; fileEncoding = 4; lastKnownFileType = text.json; path = YandexMusicFolderContents_Cached.json; sourceTree = "<group>"; };
		6EA347281D057CF600751F0B /* RealmRxPlayerPersistenceProviderTests.swift */ = {isa = PBXFileReference; fileEncoding = 4; lastKnownFileType = sourcecode.swift; path = RealmRxPlayerPersistenceProviderTests.swift; sourceTree = "<group>"; };
		6EA3A2501C9967FC0042E851 /* YandexMusicFolderContents.json */ = {isa = PBXFileReference; fileEncoding = 4; lastKnownFileType = text.json; path = YandexMusicFolderContents.json; sourceTree = "<group>"; };
		6EA3A2521C9969B30042E851 /* YandexMusicDirItem.json */ = {isa = PBXFileReference; fileEncoding = 4; lastKnownFileType = text.json; path = YandexMusicDirItem.json; sourceTree = "<group>"; };
		6EA3B5011CD334E1002E25BA /* InternalPlayer.swift */ = {isa = PBXFileReference; fileEncoding = 4; lastKnownFileType = sourcecode.swift; path = InternalPlayer.swift; sourceTree = "<group>"; };
		6EA500831C53E6F100B9ED11 /* Main.storyboard */ = {isa = PBXFileReference; fileEncoding = 4; lastKnownFileType = file.storyboard; path = Main.storyboard; sourceTree = "<group>"; };
		6EA638751C79FF4C00DD85A6 /* CloudResourcesStructureController.swift */ = {isa = PBXFileReference; fileEncoding = 4; lastKnownFileType = sourcecode.swift; path = CloudResourcesStructureController.swift; sourceTree = "<group>"; };
		6EA638771C7A002200DD85A6 /* CloudResourcesViewModel.swift */ = {isa = PBXFileReference; fileEncoding = 4; lastKnownFileType = sourcecode.swift; path = CloudResourcesViewModel.swift; sourceTree = "<group>"; };
		6EAFAD811CA137B1008A0177 /* AVAssetResourceLoaderEventsObserver.swift */ = {isa = PBXFileReference; fileEncoding = 4; lastKnownFileType = sourcecode.swift; path = AVAssetResourceLoaderEventsObserver.swift; sourceTree = "<group>"; };
		6EAFBDA71CF0BF6B00066E19 /* PlayListInfoController.swift */ = {isa = PBXFileReference; fileEncoding = 4; lastKnownFileType = sourcecode.swift; path = PlayListInfoController.swift; sourceTree = "<group>"; };
		6EAFBDA91CF0BFD600066E19 /* PlayListInfoModel.swift */ = {isa = PBXFileReference; fileEncoding = 4; lastKnownFileType = sourcecode.swift; path = PlayListInfoModel.swift; sourceTree = "<group>"; };
		6EB1929A1CC3B0A200FF3024 /* cover_placeholder.jpg */ = {isa = PBXFileReference; lastKnownFileType = image.jpeg; path = cover_placeholder.jpg; sourceTree = "<group>"; };
		6EB1929C1CC3B45D00FF3024 /* PlayerQueueController.swift */ = {isa = PBXFileReference; fileEncoding = 4; lastKnownFileType = sourcecode.swift; path = PlayerQueueController.swift; sourceTree = "<group>"; };
		6EB1929E1CC3BC8100FF3024 /* QueueTrackCell.swift */ = {isa = PBXFileReference; fileEncoding = 4; lastKnownFileType = sourcecode.swift; path = QueueTrackCell.swift; sourceTree = "<group>"; };
		6EB8C2F71C5019FD0064A00B /* .gitignore */ = {isa = PBXFileReference; fileEncoding = 4; lastKnownFileType = text; path = .gitignore; sourceTree = "<group>"; };
		6EBCBA491CD51759007AE9DA /* SJSON.swift */ = {isa = PBXFileReference; fileEncoding = 4; lastKnownFileType = sourcecode.swift; path = SJSON.swift; sourceTree = "<group>"; };
		6EBCBA4B1CD5198A007AE9DA /* SJSONTests.swift */ = {isa = PBXFileReference; fileEncoding = 4; lastKnownFileType = sourcecode.swift; path = SJSONTests.swift; sourceTree = "<group>"; };
		6EBE02191CD62ED300FBB3FD /* GoogleDriveCloudJsonResource.swift */ = {isa = PBXFileReference; fileEncoding = 4; lastKnownFileType = sourcecode.swift; path = GoogleDriveCloudJsonResource.swift; sourceTree = "<group>"; };
		6EBFE0FA1CAA7C7D0003D12C /* StreamResourceIdentifier.swift */ = {isa = PBXFileReference; fileEncoding = 4; lastKnownFileType = sourcecode.swift; path = StreamResourceIdentifier.swift; sourceTree = "<group>"; };
		6EBFE0FC1CAAC7130003D12C /* NSMutableOrderedSet.swift */ = {isa = PBXFileReference; fileEncoding = 4; lastKnownFileType = sourcecode.swift; path = NSMutableOrderedSet.swift; sourceTree = "<group>"; };
		6EC0211F1C8B3E0200E30BE1 /* MusicPlayerViewModel.swift */ = {isa = PBXFileReference; fileEncoding = 4; lastKnownFileType = sourcecode.swift; path = MusicPlayerViewModel.swift; sourceTree = "<group>"; };
		6EC4A4221C8D81750030476D /* Dictionary.swift */ = {isa = PBXFileReference; fileEncoding = 4; lastKnownFileType = sourcecode.swift; path = Dictionary.swift; sourceTree = "<group>"; };
		6EC57F391CFCB3D300A2F056 /* RxPlayer+Background.swift */ = {isa = PBXFileReference; fileEncoding = 4; lastKnownFileType = sourcecode.swift; path = "RxPlayer+Background.swift"; sourceTree = "<group>"; };
		6ED9205F1CCA4B8000900CCB /* MediaLibrary.swift */ = {isa = PBXFileReference; fileEncoding = 4; lastKnownFileType = sourcecode.swift; path = MediaLibrary.swift; sourceTree = "<group>"; };
		6EDB49821CBE419900F82E02 /* NSURL.swift */ = {isa = PBXFileReference; fileEncoding = 4; lastKnownFileType = sourcecode.swift; path = NSURL.swift; sourceTree = "<group>"; };
		6EDB49841CBE489700F82E02 /* FakeNSUserDefaults.swift */ = {isa = PBXFileReference; fileEncoding = 4; lastKnownFileType = sourcecode.swift; path = FakeNSUserDefaults.swift; sourceTree = "<group>"; };
		6EE0CCC21C96B85D002F4D9D /* FakeHttp.swift */ = {isa = PBXFileReference; fileEncoding = 4; lastKnownFileType = sourcecode.swift; path = FakeHttp.swift; sourceTree = "<group>"; };
		6EE0CCC51C96CAA4002F4D9D /* HttpClient.swift */ = {isa = PBXFileReference; fileEncoding = 4; lastKnownFileType = sourcecode.swift; path = HttpClient.swift; sourceTree = "<group>"; };
		6EE0CCC91C96CBEE002F4D9D /* HttpClientBasicTests.swift */ = {isa = PBXFileReference; fileEncoding = 4; lastKnownFileType = sourcecode.swift; path = HttpClientBasicTests.swift; sourceTree = "<group>"; };
		6EE0CCCD1C96F31F002F4D9D /* NSURLTests.swift */ = {isa = PBXFileReference; fileEncoding = 4; lastKnownFileType = sourcecode.swift; path = NSURLTests.swift; sourceTree = "<group>"; };
		6EE5F8751C550877004CF20C /* SettingsController.swift */ = {isa = PBXFileReference; fileEncoding = 4; lastKnownFileType = sourcecode.swift; name = SettingsController.swift; path = CloudMusicPlayer/Controllers/SettingsController.swift; sourceTree = SOURCE_ROOT; };
		6EE857B91C988BD3002809B5 /* HttpUtilitiesTests.swift */ = {isa = PBXFileReference; fileEncoding = 4; lastKnownFileType = sourcecode.swift; path = HttpUtilitiesTests.swift; sourceTree = "<group>"; };
		6EEAD6FB1CEC878D00127852 /* PlayListCell.swift */ = {isa = PBXFileReference; fileEncoding = 4; lastKnownFileType = sourcecode.swift; path = PlayListCell.swift; sourceTree = "<group>"; };
		6EEB989B1C4EBE1700DD5B95 /* CloudMusicPlayer.app */ = {isa = PBXFileReference; explicitFileType = wrapper.application; includeInIndex = 0; path = CloudMusicPlayer.app; sourceTree = BUILT_PRODUCTS_DIR; };
		6EEB989E1C4EBE1700DD5B95 /* AppDelegate.swift */ = {isa = PBXFileReference; lastKnownFileType = sourcecode.swift; path = AppDelegate.swift; sourceTree = "<group>"; };
		6EEB98A61C4EBE1700DD5B95 /* CloudMusicPlayer.xcdatamodel */ = {isa = PBXFileReference; lastKnownFileType = wrapper.xcdatamodel; path = CloudMusicPlayer.xcdatamodel; sourceTree = "<group>"; };
		6EEB98A81C4EBE1700DD5B95 /* Assets.xcassets */ = {isa = PBXFileReference; lastKnownFileType = folder.assetcatalog; path = Assets.xcassets; sourceTree = "<group>"; };
		6EEB98AB1C4EBE1700DD5B95 /* Base */ = {isa = PBXFileReference; lastKnownFileType = file.storyboard; name = Base; path = Base.lproj/LaunchScreen.storyboard; sourceTree = "<group>"; };
		6EEB98AD1C4EBE1700DD5B95 /* Info.plist */ = {isa = PBXFileReference; lastKnownFileType = text.plist.xml; path = Info.plist; sourceTree = "<group>"; };
		6EEB98B21C4EBE1700DD5B95 /* CloudMusicPlayerTests.xctest */ = {isa = PBXFileReference; explicitFileType = wrapper.cfbundle; includeInIndex = 0; path = CloudMusicPlayerTests.xctest; sourceTree = BUILT_PRODUCTS_DIR; };
		6EEB98B81C4EBE1700DD5B95 /* Info.plist */ = {isa = PBXFileReference; lastKnownFileType = text.plist.xml; path = Info.plist; sourceTree = "<group>"; };
		6EEB98BD1C4EBE1700DD5B95 /* CloudMusicPlayerUITests.xctest */ = {isa = PBXFileReference; explicitFileType = wrapper.cfbundle; includeInIndex = 0; path = CloudMusicPlayerUITests.xctest; sourceTree = BUILT_PRODUCTS_DIR; };
		6EEB98C31C4EBE1700DD5B95 /* Info.plist */ = {isa = PBXFileReference; lastKnownFileType = text.plist.xml; path = Info.plist; sourceTree = "<group>"; };
		6EEC8F781CA0393100B30B85 /* RxPlayer+AssetLoader.swift */ = {isa = PBXFileReference; fileEncoding = 4; lastKnownFileType = sourcecode.swift; path = "RxPlayer+AssetLoader.swift"; sourceTree = "<group>"; };
		6EECECCF1C97EE54007B37CC /* HttpUtilities.swift */ = {isa = PBXFileReference; fileEncoding = 4; lastKnownFileType = sourcecode.swift; path = HttpUtilities.swift; sourceTree = "<group>"; };
		6EECECD11C97F664007B37CC /* FakeCloudResource.swift */ = {isa = PBXFileReference; fileEncoding = 4; lastKnownFileType = sourcecode.swift; path = FakeCloudResource.swift; sourceTree = "<group>"; };
		6EF3753C1CBA8EB0006D69AC /* RxPlayerPlayControlsTests.swift */ = {isa = PBXFileReference; fileEncoding = 4; lastKnownFileType = sourcecode.swift; path = RxPlayerPlayControlsTests.swift; sourceTree = "<group>"; };
		6EF7476B1CBABC23008AA08B /* DownloadManager.swift */ = {isa = PBXFileReference; fileEncoding = 4; lastKnownFileType = sourcecode.swift; path = DownloadManager.swift; sourceTree = "<group>"; };
/* End PBXFileReference section */

/* Begin PBXFrameworksBuildPhase section */
		6EEB98981C4EBE1700DD5B95 /* Frameworks */ = {
			isa = PBXFrameworksBuildPhase;
			buildActionMask = 2147483647;
			files = (
				6E89443B1CD1F77900BCE0B1 /* Realm.framework in Frameworks */,
				6E89443C1CD1F77900BCE0B1 /* RealmSwift.framework in Frameworks */,
				6E94918C1C7B7218006B7696 /* SwiftyJSON.framework in Frameworks */,
				6E8AFD821C78DBC200091B53 /* RxSwift.framework in Frameworks */,
				6E8AFD831C78DBC200091B53 /* RxCocoa.framework in Frameworks */,
			);
			runOnlyForDeploymentPostprocessing = 0;
		};
		6EEB98AF1C4EBE1700DD5B95 /* Frameworks */ = {
			isa = PBXFrameworksBuildPhase;
			buildActionMask = 2147483647;
			files = (
			);
			runOnlyForDeploymentPostprocessing = 0;
		};
		6EEB98BA1C4EBE1700DD5B95 /* Frameworks */ = {
			isa = PBXFrameworksBuildPhase;
			buildActionMask = 2147483647;
			files = (
			);
			runOnlyForDeploymentPostprocessing = 0;
		};
/* End PBXFrameworksBuildPhase section */

/* Begin PBXGroup section */
		6E0296CF1CA27C09007EC58E /* Tests */ = {
			isa = PBXGroup;
			children = (
				6ECBBC781CA3D5CC0053DBFB /* StreamPlayer */,
				6E0296D01CA27C25007EC58E /* Stream */,
				6E0296D11CA27C35007EC58E /* CloudResource */,
				6EE0CCC91C96CBEE002F4D9D /* HttpClientBasicTests.swift */,
				6EE0CCCD1C96F31F002F4D9D /* NSURLTests.swift */,
				6EE857B91C988BD3002809B5 /* HttpUtilitiesTests.swift */,
				6E66B6351C9F3477004C466D /* NSURLSessionProtocolTests.swift */,
				6E3572F31CBD103B008FAC87 /* ContentTypeDefinitionParsingTests.swift */,
				6E1F5BF61CC638ED0035DA4A /* NSFileManagerTests.swift */,
				6EBCBA4B1CD5198A007AE9DA /* SJSONTests.swift */,
			);
			name = Tests;
			path = CloudMusicPlayerTests/Tests;
			sourceTree = SOURCE_ROOT;
		};
		6E0296D01CA27C25007EC58E /* Stream */ = {
			isa = PBXGroup;
			children = (
				6E31A8951C9BF6750017802A /* StreamDataTaskTests.swift */,
				6E87A9F71CB146F500F999FB /* MemoryCacheProviderTests.swift */,
			);
			name = Stream;
			path = CloudMusicPlayerTests/Tests/Stream;
			sourceTree = SOURCE_ROOT;
		};
		6E0296D11CA27C35007EC58E /* CloudResource */ = {
			isa = PBXGroup;
			children = (
				6E13C7BB1C957FC80060DF24 /* YandexCloudResourceTests.swift */,
				6E42729C1CDE0B78003378BC /* CloudResourceClientYandexTests.swift */,
				6EA16FF31CC787D300D4D257 /* RealmCacheProviderTests.swift */,
				6E8554521CEB54C200A6FC4E /* OAuthAuthenticatorTests.swift */,
				6E8554541CEB575100A6FC4E /* YandexOAuthTests.swift */,
			);
			name = CloudResource;
			path = CloudMusicPlayerTests/Tests/CloudResource;
			sourceTree = SOURCE_ROOT;
		};
		6E07F0F51C9B2669001027EA /* Stream */ = {
			isa = PBXGroup;
			children = (
				6E31A8991C9C5AF70017802A /* NSURLSessionDataEventsObserver.swift */,
				6E0A028E1C8A0CB500AD9B38 /* StreamDataTask.swift */,
				6E6D78661CAE9ADF00A1A41F /* CacheProvider.swift */,
			);
			name = Stream;
			path = CloudMusicPlayer/HttpExtensions/Stream;
			sourceTree = SOURCE_ROOT;
		};
		6E0A028A1C8A0C8B00AD9B38 /* StreamPlayer */ = {
			isa = PBXGroup;
			children = (
				6E3572EF1CBD003B008FAC87 /* LocalFileStreamDataTask.swift */,
				6EAFAD811CA137B1008A0177 /* AVAssetResourceLoaderEventsObserver.swift */,
				6EBFE0FA1CAA7C7D0003D12C /* StreamResourceIdentifier.swift */,
				6E07F0E71C9ABD34001027EA /* SPExtensions.swift */,
				6E8490BD1CA92B7E00366361 /* AudioItemMetadata.swift */,
				6E8490BF1CA9399600366361 /* StreamPlayerUtilities.swift */,
				6E12E06E1CB3C56C00091B9A /* LocalStorage.swift */,
				6EA3B5011CD334E1002E25BA /* InternalPlayer.swift */,
				6E08530B1CB7BA030004E193 /* RxPlayer.swift */,
				6EC57F391CFCB3D300A2F056 /* RxPlayer+Background.swift */,
				6E08530D1CB7D83F0004E193 /* RxPlayer+Queue.swift */,
				6E658BD71CB81FAF0011354C /* RxPlayer+PlayControl.swift */,
				6EEC8F781CA0393100B30B85 /* RxPlayer+AssetLoader.swift */,
				6E4319771CBFBD6C007CC9AB /* RxPlayerQueueItem.swift */,
				6E89443D1CD22BD800BCE0B1 /* RxPlayer+LoadMetadata.swift */,
				6EF7476B1CBABC23008AA08B /* DownloadManager.swift */,
				6ED9205F1CCA4B8000900CCB /* MediaLibrary.swift */,
				6E90C68C1CD5059C004838F6 /* RealmMediaLibrary.swift */,
				6E38CE101CE4C0B300B103C7 /* StreamResourceLoader.swift */,
				6E882ACC1D006B8D0040F529 /* PlayerStatePersistenceProvider.swift */,
			);
			name = StreamPlayer;
			path = CloudMusicPlayer/StreamPlayer;
			sourceTree = SOURCE_ROOT;
		};
		6E12B9131C6F835C00E93FFB /* Extensions */ = {
			isa = PBXGroup;
			children = (
				6E0A02931C8A0D0B00AD9B38 /* NSFileManager.swift */,
				6E5254491C676BE900CA5463 /* NSUserDefaults.swift */,
				6EC4A4221C8D81750030476D /* Dictionary.swift */,
				6E6DDE461C8DBA59001AE510 /* NSTimer.swift */,
				6E6DDE481C8DC455001AE510 /* CMTime.swift */,
				6E8490C31CA9733B00366361 /* Collection.swift */,
				6EBFE0FC1CAAC7130003D12C /* NSMutableOrderedSet.swift */,
				6EDB49821CBE419900F82E02 /* NSURL.swift */,
				6E4319751CBFAF2E007CC9AB /* Float.swift */,
				6E1350D41CDE766D008B1267 /* SwiftyJson.swift */,
				6E8554561CEB5AFB00A6FC4E /* KeychainExtensions.swift */,
				6E8554581CEB5B3900A6FC4E /* OAuthExtensions.swift */,
			);
			name = Extensions;
			path = CloudMusicPlayer/Extensions;
			sourceTree = SOURCE_ROOT;
		};
		6E12B9141C6F838300E93FFB /* Controllers */ = {
			isa = PBXGroup;
			children = (
				6EE5F8751C550877004CF20C /* SettingsController.swift */,
				6EA638751C79FF4C00DD85A6 /* CloudResourcesStructureController.swift */,
				6EB1929C1CC3B45D00FF3024 /* PlayerQueueController.swift */,
				6E21C96F1CEC7C3B00614B0F /* MediaLibraryController.swift */,
				6E088A7B1CEDD278001EED50 /* CloudAccountsController.swift */,
				6E088A811CEE051E001EED50 /* AddToMediaLibraryController.swift */,
				6EAFBDA71CF0BF6B00066E19 /* PlayListInfoController.swift */,
				6E0EB27B1CFB476600F7CE2E /* MusicPlayerController.swift */,
				6E0EB27D1CFB479F00F7CE2E /* PlayerController.swift */,
				6E8B06211CFC34E700889D64 /* AddItemsToPlayListController.swift */,
			);
			name = Controllers;
			path = CloudMusicPlayer/Controllers;
			sourceTree = SOURCE_ROOT;
		};
		6E12B9151C6F83AB00E93FFB /* Keychain */ = {
			isa = PBXGroup;
			children = (
				6E1F020D1C57F14800490013 /* Keychain.swift */,
			);
			name = Keychain;
			path = CloudMusicPlayer/Keychain;
			sourceTree = SOURCE_ROOT;
		};
		6E182ED21C81D60A00730C59 /* Controlls */ = {
			isa = PBXGroup;
			children = (
				6E182ED31C81D66300730C59 /* CloudFolderCell.swift */,
				6E182ED51C81E14700730C59 /* CloudTrackCell.swift */,
				6EB1929E1CC3BC8100FF3024 /* QueueTrackCell.swift */,
				6E79D0F21CEC7A0A0098326A /* ArtistCell.swift */,
				6E21C9711CEC86F500614B0F /* AlbumCell.swift */,
				6E21C9751CEC871B00614B0F /* TrackCell.swift */,
				6EEAD6FB1CEC878D00127852 /* PlayListCell.swift */,
				6E088A7D1CEDD42B001EED50 /* NewAccountCell.swift */,
				6E088A7F1CEDD43D001EED50 /* ExistedAccountCell.swift */,
				6E088A831CEE3029001EED50 /* FolderInfoCell.swift */,
				6E29026D1CF492CE001C7661 /* LastItemCell.swift */,
			);
			name = Controlls;
			path = CloudMusicPlayer/Controlls;
			sourceTree = SOURCE_ROOT;
		};
		6E36E32E1C9EFCB70039B91E /* Support JSON */ = {
			isa = PBXGroup;
			children = (
				6EA16FF71CC7A4C500D4D257 /* YandexMusicFolderContents_Cached.json */,
				6E3A3F6B1C9981C9001975C8 /* YandexAudioDownloadResponse.json */,
				6EA3A2521C9969B30042E851 /* YandexMusicDirItem.json */,
				6EA3A2501C9967FC0042E851 /* YandexMusicFolderContents.json */,
				6E235DA51C9833DB00351034 /* YandexRoot.json */,
				6E3A3F6D1C99823B001975C8 /* YandexAudioItem.json */,
			);
			name = "Support JSON";
			path = "CloudMusicPlayerTests/Support JSON";
			sourceTree = SOURCE_ROOT;
		};
		6E4319791CBFC089007CC9AB /* Misc */ = {
			isa = PBXGroup;
			children = (
				6E43197A1CBFC0A8007CC9AB /* MetadataTest.mp3 */,
			);
			name = Misc;
			path = CloudMusicPlayerTests/Misc;
			sourceTree = SOURCE_ROOT;
		};
		6E5254461C675D7C00CA5463 /* CloudResource */ = {
			isa = PBXGroup;
			children = (
				6E85544E1CEB272300A6FC4E /* OAuth.swift */,
				6E8554501CEB3B7F00A6FC4E /* OAuthTypes.swift */,
				6E1183591C7EF48400E71CC5 /* CloudResourceProtocols.swift */,
				6E182ED71C81E76300730C59 /* YandexDiskCloudJsonResource.swift */,
				6EBE02191CD62ED300FBB3FD /* GoogleDriveCloudJsonResource.swift */,
				6E182ED91C81E81200730C59 /* YandexDiskCloudAudioJsonResource.swift */,
				6E7869721CD73FB700587103 /* GoogleDriveCloudAudioJsonResource.swift */,
				6EA16FED1CC7668A00D4D257 /* CloudResourceCacheProvider.swift */,
				6E5130901CD9F26800C15C2D /* CloudResourceClient.swift */,
			);
			name = CloudResource;
			path = CloudMusicPlayer/CloudResource;
			sourceTree = SOURCE_ROOT;
		};
		6E54CBCA1CF19D6700033075 /* Core */ = {
			isa = PBXGroup;
			children = (
				6E54CBCB1CF19D8E00033075 /* CustomErrorType.swift */,
				6E54CBCD1CF1A10F00033075 /* Result.swift */,
			);
			name = Core;
			path = CloudMusicPlayer/Core;
			sourceTree = SOURCE_ROOT;
		};
		6E8AFD841C78E15600091B53 /* ViewModels */ = {
			isa = PBXGroup;
			children = (
				6E29026F1CF4A022001C7661 /* MainModel.swift */,
				6E8AFD851C78E17C00091B53 /* SettingsViewModel.swift */,
				6EA638771C7A002200DD85A6 /* CloudResourcesViewModel.swift */,
				6EC0211F1C8B3E0200E30BE1 /* MusicPlayerViewModel.swift */,
				6E088A751CEDB183001EED50 /* CloudAccountsModel.swift */,
				6E088A771CEDB5E6001EED50 /* CloudResourceModel.swift */,
				6EAFBDA91CF0BFD600066E19 /* PlayListInfoModel.swift */,
				6E8B06231CFC3B8000889D64 /* AddTrackToPlayListModel.swift */,
			);
			name = ViewModels;
			path = CloudMusicPlayer/ViewModels;
			sourceTree = SOURCE_ROOT;
		};
		6EA638791C7A02E500DD85A6 /* Models */ = {
			isa = PBXGroup;
			children = (
			);
			name = Models;
			path = CloudMusicPlayer/Models;
			sourceTree = SOURCE_ROOT;
		};
		6EB192991CC3B05800FF3024 /* Img */ = {
			isa = PBXGroup;
			children = (
				6EB1929A1CC3B0A200FF3024 /* cover_placeholder.jpg */,
			);
			name = Img;
			path = CloudMusicPlayer/Img;
			sourceTree = SOURCE_ROOT;
		};
		6ECBBC781CA3D5CC0053DBFB /* StreamPlayer */ = {
			isa = PBXGroup;
			children = (
				6E6311151CA3D844006C0072 /* AssetResourceLoaderTests.swift */,
				6E12E0701CB3D68300091B9A /* LocalNsUserDefaultsStorage.swift */,
				6E3D8A5E1CB6807400B604F0 /* StreamResourceIdentifierTests.swift */,
				6E677F431CB7DDB0004EFC42 /* RxPlayerQueueTests.swift */,
				6EF3753C1CBA8EB0006D69AC /* RxPlayerPlayControlsTests.swift */,
				6E3572F11CBD067D008FAC87 /* LocalFileStreamDataTaskTests.swift */,
				6E3572F51CBD25E7008FAC87 /* DownloadManagerTests.swift */,
				6E97C15B1CBF73DE00D7B5B4 /* RxPlayerMetadataLoadTests.swift */,
				6E5B8A2E1CE35A3200785D76 /* RealmMediaLibraryTests.swift */,
				6E38CE141CE4C72600B103C7 /* CloudResourceLoaderTests.swift */,
				6EA347281D057CF600751F0B /* RealmRxPlayerPersistenceProviderTests.swift */,
			);
			name = StreamPlayer;
			path = CloudMusicPlayerTests/Tests/StreamPlayer;
			sourceTree = SOURCE_ROOT;
		};
		6EE0CCC41C96C96E002F4D9D /* HttpExtensions */ = {
			isa = PBXGroup;
			children = (
				6E07F0F51C9B2669001027EA /* Stream */,
				6E07F0F31C9B250C001027EA /* HttpExtensions.swift */,
				6EE0CCC51C96CAA4002F4D9D /* HttpClient.swift */,
				6EECECCF1C97EE54007B37CC /* HttpUtilities.swift */,
				6EBCBA491CD51759007AE9DA /* SJSON.swift */,
			);
			name = HttpExtensions;
			path = CloudMusicPlayer/HttpExtensions;
			sourceTree = SOURCE_ROOT;
		};
		6EEB98921C4EBE1700DD5B95 = {
			isa = PBXGroup;
			children = (
				6E8944391CD1F77900BCE0B1 /* Realm.framework */,
				6E89443A1CD1F77900BCE0B1 /* RealmSwift.framework */,
				6E94918B1C7B7218006B7696 /* SwiftyJSON.framework */,
				6E8AFD801C78DBC200091B53 /* RxSwift.framework */,
				6E8AFD811C78DBC200091B53 /* RxCocoa.framework */,
				6EB8C2F71C5019FD0064A00B /* .gitignore */,
				6EEB989D1C4EBE1700DD5B95 /* CloudMusicPlayer */,
				6EEB98B51C4EBE1700DD5B95 /* CloudMusicPlayerTests */,
				6EEB98C01C4EBE1700DD5B95 /* CloudMusicPlayerUITests */,
				6EEB989C1C4EBE1700DD5B95 /* Products */,
			);
			sourceTree = "<group>";
		};
		6EEB989C1C4EBE1700DD5B95 /* Products */ = {
			isa = PBXGroup;
			children = (
				6EEB989B1C4EBE1700DD5B95 /* CloudMusicPlayer.app */,
				6EEB98B21C4EBE1700DD5B95 /* CloudMusicPlayerTests.xctest */,
				6EEB98BD1C4EBE1700DD5B95 /* CloudMusicPlayerUITests.xctest */,
			);
			name = Products;
			sourceTree = "<group>";
		};
		6EEB989D1C4EBE1700DD5B95 /* CloudMusicPlayer */ = {
			isa = PBXGroup;
			children = (
				6E54CBCA1CF19D6700033075 /* Core */,
				6EB192991CC3B05800FF3024 /* Img */,
				6E12B9131C6F835C00E93FFB /* Extensions */,
				6EE0CCC41C96C96E002F4D9D /* HttpExtensions */,
				6E0A028A1C8A0C8B00AD9B38 /* StreamPlayer */,
				6E182ED21C81D60A00730C59 /* Controlls */,
				6EA638791C7A02E500DD85A6 /* Models */,
				6E8AFD841C78E15600091B53 /* ViewModels */,
				6E12B9151C6F83AB00E93FFB /* Keychain */,
				6E12B9141C6F838300E93FFB /* Controllers */,
				6E5254461C675D7C00CA5463 /* CloudResource */,
				6EEB989E1C4EBE1700DD5B95 /* AppDelegate.swift */,
				6EEB98A81C4EBE1700DD5B95 /* Assets.xcassets */,
				6EEB98AD1C4EBE1700DD5B95 /* Info.plist */,
				6EEB98A51C4EBE1700DD5B95 /* CloudMusicPlayer.xcdatamodeld */,
				6EA500831C53E6F100B9ED11 /* Main.storyboard */,
				6E088A791CEDB89A001EED50 /* CloudAccounts.storyboard */,
				6EEB98AA1C4EBE1700DD5B95 /* LaunchScreen.storyboard */,
				6E106F181C916A740056205F /* main.swift */,
			);
			path = CloudMusicPlayer;
			sourceTree = "<group>";
		};
		6EEB98B51C4EBE1700DD5B95 /* CloudMusicPlayerTests */ = {
			isa = PBXGroup;
			children = (
				6E4319791CBFC089007CC9AB /* Misc */,
				6E36E32E1C9EFCB70039B91E /* Support JSON */,
				6EECECD31C982369007B37CC /* Support */,
				6E0296CF1CA27C09007EC58E /* Tests */,
				6EEB98B81C4EBE1700DD5B95 /* Info.plist */,
			);
			path = CloudMusicPlayerTests;
			sourceTree = "<group>";
		};
		6EEB98C01C4EBE1700DD5B95 /* CloudMusicPlayerUITests */ = {
			isa = PBXGroup;
			children = (
				6EEB98C31C4EBE1700DD5B95 /* Info.plist */,
			);
			path = CloudMusicPlayerUITests;
			sourceTree = "<group>";
		};
		6EECECD31C982369007B37CC /* Support */ = {
			isa = PBXGroup;
			children = (
				6EE0CCC21C96B85D002F4D9D /* FakeHttp.swift */,
				6EECECD11C97F664007B37CC /* FakeCloudResource.swift */,
				6E5159011CA3D61D001FD036 /* FakeStreamPlayer.swift */,
				6EDB49841CBE489700F82E02 /* FakeNSUserDefaults.swift */,
				6E85545A1CEB7C0A00A6FC4E /* FakeKeychain.swift */,
			);
			name = Support;
			path = CloudMusicPlayerTests/Support;
			sourceTree = SOURCE_ROOT;
		};
/* End PBXGroup section */

/* Begin PBXNativeTarget section */
		6EEB989A1C4EBE1700DD5B95 /* CloudMusicPlayer */ = {
			isa = PBXNativeTarget;
			buildConfigurationList = 6EEB98C61C4EBE1700DD5B95 /* Build configuration list for PBXNativeTarget "CloudMusicPlayer" */;
			buildPhases = (
				6EEB98971C4EBE1700DD5B95 /* Sources */,
				6EEB98981C4EBE1700DD5B95 /* Frameworks */,
				6EEB98991C4EBE1700DD5B95 /* Resources */,
				6E8AFD7F1C78DB3D00091B53 /* ShellScript */,
				6E254DD21CE8935B0064A544 /* ShellScript */,
				6E92EA9D1D07162800D977FE /* ShellScript */,
			);
			buildRules = (
			);
			dependencies = (
			);
			name = CloudMusicPlayer;
			productName = CloudMusicPlayer;
			productReference = 6EEB989B1C4EBE1700DD5B95 /* CloudMusicPlayer.app */;
			productType = "com.apple.product-type.application";
		};
		6EEB98B11C4EBE1700DD5B95 /* CloudMusicPlayerTests */ = {
			isa = PBXNativeTarget;
			buildConfigurationList = 6EEB98C91C4EBE1700DD5B95 /* Build configuration list for PBXNativeTarget "CloudMusicPlayerTests" */;
			buildPhases = (
				6EEB98AE1C4EBE1700DD5B95 /* Sources */,
				6EEB98AF1C4EBE1700DD5B95 /* Frameworks */,
				6EEB98B01C4EBE1700DD5B95 /* Resources */,
			);
			buildRules = (
			);
			dependencies = (
				6EEB98B41C4EBE1700DD5B95 /* PBXTargetDependency */,
			);
			name = CloudMusicPlayerTests;
			productName = CloudMusicPlayerTests;
			productReference = 6EEB98B21C4EBE1700DD5B95 /* CloudMusicPlayerTests.xctest */;
			productType = "com.apple.product-type.bundle.unit-test";
		};
		6EEB98BC1C4EBE1700DD5B95 /* CloudMusicPlayerUITests */ = {
			isa = PBXNativeTarget;
			buildConfigurationList = 6EEB98CC1C4EBE1700DD5B95 /* Build configuration list for PBXNativeTarget "CloudMusicPlayerUITests" */;
			buildPhases = (
				6EEB98B91C4EBE1700DD5B95 /* Sources */,
				6EEB98BA1C4EBE1700DD5B95 /* Frameworks */,
				6EEB98BB1C4EBE1700DD5B95 /* Resources */,
			);
			buildRules = (
			);
			dependencies = (
				6EEB98BF1C4EBE1700DD5B95 /* PBXTargetDependency */,
			);
			name = CloudMusicPlayerUITests;
			productName = CloudMusicPlayerUITests;
			productReference = 6EEB98BD1C4EBE1700DD5B95 /* CloudMusicPlayerUITests.xctest */;
			productType = "com.apple.product-type.bundle.ui-testing";
		};
/* End PBXNativeTarget section */

/* Begin PBXProject section */
		6EEB98931C4EBE1700DD5B95 /* Project object */ = {
			isa = PBXProject;
			attributes = {
				LastSwiftUpdateCheck = 0730;
				LastUpgradeCheck = 0720;
				ORGANIZATIONNAME = "Anton Efimenko";
				TargetAttributes = {
					6EEB989A1C4EBE1700DD5B95 = {
						CreatedOnToolsVersion = 7.2;
						DevelopmentTeam = SJMSRXG797;
						SystemCapabilities = {
							com.apple.BackgroundModes = {
								enabled = 1;
							};
							com.apple.InterAppAudio = {
								enabled = 0;
							};
						};
					};
					6EEB98B11C4EBE1700DD5B95 = {
						CreatedOnToolsVersion = 7.2;
						DevelopmentTeam = SJMSRXG797;
						TestTargetID = 6EEB989A1C4EBE1700DD5B95;
					};
					6EEB98BC1C4EBE1700DD5B95 = {
						CreatedOnToolsVersion = 7.2;
						DevelopmentTeam = SJMSRXG797;
						TestTargetID = 6EEB989A1C4EBE1700DD5B95;
					};
				};
			};
			buildConfigurationList = 6EEB98961C4EBE1700DD5B95 /* Build configuration list for PBXProject "CloudMusicPlayer" */;
			compatibilityVersion = "Xcode 3.2";
			developmentRegion = English;
			hasScannedForEncodings = 0;
			knownRegions = (
				en,
				Base,
			);
			mainGroup = 6EEB98921C4EBE1700DD5B95;
			productRefGroup = 6EEB989C1C4EBE1700DD5B95 /* Products */;
			projectDirPath = "";
			projectRoot = "";
			targets = (
				6EEB989A1C4EBE1700DD5B95 /* CloudMusicPlayer */,
				6EEB98B11C4EBE1700DD5B95 /* CloudMusicPlayerTests */,
				6EEB98BC1C4EBE1700DD5B95 /* CloudMusicPlayerUITests */,
			);
		};
/* End PBXProject section */

/* Begin PBXResourcesBuildPhase section */
		6EEB98991C4EBE1700DD5B95 /* Resources */ = {
			isa = PBXResourcesBuildPhase;
			buildActionMask = 2147483647;
			files = (
				6EB8C2F81C5019FD0064A00B /* .gitignore in Resources */,
				6EEB98AC1C4EBE1700DD5B95 /* LaunchScreen.storyboard in Resources */,
				6EB1929B1CC3B0A200FF3024 /* cover_placeholder.jpg in Resources */,
				6EEB98A91C4EBE1700DD5B95 /* Assets.xcassets in Resources */,
				6E088A7A1CEDB89A001EED50 /* CloudAccounts.storyboard in Resources */,
				6EA500841C53E6F100B9ED11 /* Main.storyboard in Resources */,
			);
			runOnlyForDeploymentPostprocessing = 0;
		};
		6EEB98B01C4EBE1700DD5B95 /* Resources */ = {
			isa = PBXResourcesBuildPhase;
			buildActionMask = 2147483647;
			files = (
				6E3A3F6C1C9981C9001975C8 /* YandexAudioDownloadResponse.json in Resources */,
				6EA3A2511C9967FC0042E851 /* YandexMusicFolderContents.json in Resources */,
				6EA16FF81CC7A4C500D4D257 /* YandexMusicFolderContents_Cached.json in Resources */,
				6E235DA61C9833DB00351034 /* YandexRoot.json in Resources */,
				6E43197B1CBFC0A8007CC9AB /* MetadataTest.mp3 in Resources */,
				6EA3A2531C9969B30042E851 /* YandexMusicDirItem.json in Resources */,
				6E3A3F6E1C99823B001975C8 /* YandexAudioItem.json in Resources */,
			);
			runOnlyForDeploymentPostprocessing = 0;
		};
		6EEB98BB1C4EBE1700DD5B95 /* Resources */ = {
			isa = PBXResourcesBuildPhase;
			buildActionMask = 2147483647;
			files = (
			);
			runOnlyForDeploymentPostprocessing = 0;
		};
/* End PBXResourcesBuildPhase section */

/* Begin PBXShellScriptBuildPhase section */
		6E254DD21CE8935B0064A544 /* ShellScript */ = {
			isa = PBXShellScriptBuildPhase;
			buildActionMask = 2147483647;
			files = (
			);
			inputPaths = (
			);
			outputPaths = (
			);
			runOnlyForDeploymentPostprocessing = 0;
			shellPath = /bin/sh;
			shellScript = "/bin/sh ${SRCROOT}/TODOScript.sh";
		};
		6E8AFD7F1C78DB3D00091B53 /* ShellScript */ = {
			isa = PBXShellScriptBuildPhase;
			buildActionMask = 2147483647;
			files = (
			);
			inputPaths = (
				"$(SRCROOT)/Carthage/Build/iOS/RxSwift.framework",
				"$(SRCROOT)/Carthage/Build/iOS/RxCocoa.framework",
				"$(SRCROOT)/Carthage/Build/iOS/SwiftyJSON.framework",
				"$(SRCROOT)/Carthage/Build/iOS/Realm.framework",
				"$(SRCROOT)/Carthage/Build/iOS/RealmSwift.framework",
			);
			outputPaths = (
			);
			runOnlyForDeploymentPostprocessing = 0;
			shellPath = /bin/sh;
			shellScript = "/usr/local/bin/carthage copy-frameworks";
		};
		6E92EA9D1D07162800D977FE /* ShellScript */ = {
			isa = PBXShellScriptBuildPhase;
			buildActionMask = 2147483647;
			files = (
			);
			inputPaths = (
			);
			outputPaths = (
			);
			runOnlyForDeploymentPostprocessing = 0;
			shellPath = /bin/sh;
			shellScript = "/bin/sh ${SRCROOT}/BumpBuildNumber.sh";
		};
/* End PBXShellScriptBuildPhase section */

/* Begin PBXSourcesBuildPhase section */
		6EEB98971C4EBE1700DD5B95 /* Sources */ = {
			isa = PBXSourcesBuildPhase;
			buildActionMask = 2147483647;
			files = (
				6E08530C1CB7BA030004E193 /* RxPlayer.swift in Sources */,
				6EBCBA4A1CD51759007AE9DA /* SJSON.swift in Sources */,
				6E106F191C916A740056205F /* main.swift in Sources */,
				6E1350D51CDE766D008B1267 /* SwiftyJson.swift in Sources */,
				6E0A02921C8A0CB500AD9B38 /* StreamDataTask.swift in Sources */,
				6E182EDA1C81E81200730C59 /* YandexDiskCloudAudioJsonResource.swift in Sources */,
				6E54CBCC1CF19D8E00033075 /* CustomErrorType.swift in Sources */,
				6E0A02941C8A0D0B00AD9B38 /* NSFileManager.swift in Sources */,
				6E54CBCE1CF1A10F00033075 /* Result.swift in Sources */,
				6EC4A4231C8D81750030476D /* Dictionary.swift in Sources */,
				6E8B06241CFC3B8000889D64 /* AddTrackToPlayListModel.swift in Sources */,
				6E8490C41CA9733B00366361 /* Collection.swift in Sources */,
				6E182ED41C81D66300730C59 /* CloudFolderCell.swift in Sources */,
				6EBFE0FB1CAA7C7D0003D12C /* StreamResourceIdentifier.swift in Sources */,
				6E2902701CF4A022001C7661 /* MainModel.swift in Sources */,
				6E90C68D1CD5059C004838F6 /* RealmMediaLibrary.swift in Sources */,
				6E6D78671CAE9ADF00A1A41F /* CacheProvider.swift in Sources */,
				6E89443E1CD22BD800BCE0B1 /* RxPlayer+LoadMetadata.swift in Sources */,
				6EA638761C79FF4C00DD85A6 /* CloudResourcesStructureController.swift in Sources */,
				6E38CE111CE4C0B300B103C7 /* StreamResourceLoader.swift in Sources */,
				6E8490BE1CA92B7E00366361 /* AudioItemMetadata.swift in Sources */,
				6ED920601CCA4B8000900CCB /* MediaLibrary.swift in Sources */,
				6E8554571CEB5AFB00A6FC4E /* KeychainExtensions.swift in Sources */,
				6EECECD01C97EE54007B37CC /* HttpUtilities.swift in Sources */,
				6EEAD6FC1CEC878D00127852 /* PlayListCell.swift in Sources */,
				6E8554591CEB5B3900A6FC4E /* OAuthExtensions.swift in Sources */,
				6E4319761CBFAF2E007CC9AB /* Float.swift in Sources */,
				6E8AFD861C78E17C00091B53 /* SettingsViewModel.swift in Sources */,
				6E4319781CBFBD6C007CC9AB /* RxPlayerQueueItem.swift in Sources */,
				6E8554511CEB3B7F00A6FC4E /* OAuthTypes.swift in Sources */,
				6E07F0E81C9ABD34001027EA /* SPExtensions.swift in Sources */,
				6E088A761CEDB183001EED50 /* CloudAccountsModel.swift in Sources */,
				6EEC8F791CA0393100B30B85 /* RxPlayer+AssetLoader.swift in Sources */,
				6E21C9721CEC86F500614B0F /* AlbumCell.swift in Sources */,
				6E29026E1CF492CE001C7661 /* LastItemCell.swift in Sources */,
				6E79D0F31CEC7A0A0098326A /* ArtistCell.swift in Sources */,
				6EAFAD821CA137B1008A0177 /* AVAssetResourceLoaderEventsObserver.swift in Sources */,
				6EA638781C7A002200DD85A6 /* CloudResourcesViewModel.swift in Sources */,
				6EE0CCC61C96CAA4002F4D9D /* HttpClient.swift in Sources */,
				6EAFBDA81CF0BF6B00066E19 /* PlayListInfoController.swift in Sources */,
				6E088A841CEE3029001EED50 /* FolderInfoCell.swift in Sources */,
				6E0EB27C1CFB476600F7CE2E /* MusicPlayerController.swift in Sources */,
				6E21C9701CEC7C3B00614B0F /* MediaLibraryController.swift in Sources */,
				6E182ED61C81E14700730C59 /* CloudTrackCell.swift in Sources */,
				6E52544A1C676BE900CA5463 /* NSUserDefaults.swift in Sources */,
				6EE5F8761C550877004CF20C /* SettingsController.swift in Sources */,
				6E8490C01CA9399600366361 /* StreamPlayerUtilities.swift in Sources */,
				6E3572F01CBD003B008FAC87 /* LocalFileStreamDataTask.swift in Sources */,
				6E088A7C1CEDD278001EED50 /* CloudAccountsController.swift in Sources */,
				6E882ACD1D006B8D0040F529 /* PlayerStatePersistenceProvider.swift in Sources */,
				6EA3B5021CD334E1002E25BA /* InternalPlayer.swift in Sources */,
				6EB1929D1CC3B45D00FF3024 /* PlayerQueueController.swift in Sources */,
				6E088A781CEDB5E6001EED50 /* CloudResourceModel.swift in Sources */,
				6E21C9761CEC871B00614B0F /* TrackCell.swift in Sources */,
				6E088A801CEDD43D001EED50 /* ExistedAccountCell.swift in Sources */,
				6E0EB27E1CFB479F00F7CE2E /* PlayerController.swift in Sources */,
				6E85544F1CEB272300A6FC4E /* OAuth.swift in Sources */,
				6E6DDE471C8DBA59001AE510 /* NSTimer.swift in Sources */,
				6E182ED81C81E76300730C59 /* YandexDiskCloudJsonResource.swift in Sources */,
				6E08530E1CB7D83F0004E193 /* RxPlayer+Queue.swift in Sources */,
				6EF7476C1CBABC23008AA08B /* DownloadManager.swift in Sources */,
				6EEB98A71C4EBE1700DD5B95 /* CloudMusicPlayer.xcdatamodeld in Sources */,
				6E8B06221CFC34E700889D64 /* AddItemsToPlayListController.swift in Sources */,
				6E12E06F1CB3C56C00091B9A /* LocalStorage.swift in Sources */,
				6E5130911CD9F26800C15C2D /* CloudResourceClient.swift in Sources */,
				6E11835A1C7EF48400E71CC5 /* CloudResourceProtocols.swift in Sources */,
				6EAFBDAA1CF0BFD600066E19 /* PlayListInfoModel.swift in Sources */,
				6E088A7E1CEDD42B001EED50 /* NewAccountCell.swift in Sources */,
				6EB1929F1CC3BC8100FF3024 /* QueueTrackCell.swift in Sources */,
				6EBFE0FD1CAAC7130003D12C /* NSMutableOrderedSet.swift in Sources */,
				6E07F0F41C9B250C001027EA /* HttpExtensions.swift in Sources */,
				6EC57F3A1CFCB3D300A2F056 /* RxPlayer+Background.swift in Sources */,
				6E088A821CEE051E001EED50 /* AddToMediaLibraryController.swift in Sources */,
				6EEB989F1C4EBE1700DD5B95 /* AppDelegate.swift in Sources */,
				6E6DDE491C8DC455001AE510 /* CMTime.swift in Sources */,
				6EDB49831CBE419900F82E02 /* NSURL.swift in Sources */,
				6E31A89A1C9C5AF70017802A /* NSURLSessionDataEventsObserver.swift in Sources */,
				6E1F020E1C57F14800490013 /* Keychain.swift in Sources */,
				6EA16FEE1CC7668A00D4D257 /* CloudResourceCacheProvider.swift in Sources */,
				6E658BD81CB81FAF0011354C /* RxPlayer+PlayControl.swift in Sources */,
				6EC021201C8B3E0200E30BE1 /* MusicPlayerViewModel.swift in Sources */,
			);
			runOnlyForDeploymentPostprocessing = 0;
		};
		6EEB98AE1C4EBE1700DD5B95 /* Sources */ = {
			isa = PBXSourcesBuildPhase;
			buildActionMask = 2147483647;
			files = (
				6EE0CCCE1C96F31F002F4D9D /* NSURLTests.swift in Sources */,
				6E5159021CA3D61D001FD036 /* FakeStreamPlayer.swift in Sources */,
				6EF3753D1CBA8EB0006D69AC /* RxPlayerPlayControlsTests.swift in Sources */,
				6E8554551CEB575100A6FC4E /* YandexOAuthTests.swift in Sources */,
				6E38CE151CE4C72600B103C7 /* CloudResourceLoaderTests.swift in Sources */,
				6E3572F61CBD25E7008FAC87 /* DownloadManagerTests.swift in Sources */,
				6E85545B1CEB7C0A00A6FC4E /* FakeKeychain.swift in Sources */,
				6E677F441CB7DDB0004EFC42 /* RxPlayerQueueTests.swift in Sources */,
				6E3572F21CBD067D008FAC87 /* LocalFileStreamDataTaskTests.swift in Sources */,
				6EDB49851CBE489700F82E02 /* FakeNSUserDefaults.swift in Sources */,
				6EE0CCC31C96B85D002F4D9D /* FakeHttp.swift in Sources */,
				6E6311161CA3D844006C0072 /* AssetResourceLoaderTests.swift in Sources */,
				6EE857BA1C988BD3002809B5 /* HttpUtilitiesTests.swift in Sources */,
				6E5B8A2F1CE35A3200785D76 /* RealmMediaLibraryTests.swift in Sources */,
				6E97C15C1CBF73DE00D7B5B4 /* RxPlayerMetadataLoadTests.swift in Sources */,
				6E12E0711CB3D68300091B9A /* LocalNsUserDefaultsStorage.swift in Sources */,
				6E42729D1CDE0B78003378BC /* CloudResourceClientYandexTests.swift in Sources */,
				6EE0CCCA1C96CBEE002F4D9D /* HttpClientBasicTests.swift in Sources */,
				6E3D8A5F1CB6807400B604F0 /* StreamResourceIdentifierTests.swift in Sources */,
				6E31A8961C9BF6750017802A /* StreamDataTaskTests.swift in Sources */,
				6EA16FF41CC787D300D4D257 /* RealmCacheProviderTests.swift in Sources */,
				6E87A9F81CB146F500F999FB /* MemoryCacheProviderTests.swift in Sources */,
				6EECECD21C97F664007B37CC /* FakeCloudResource.swift in Sources */,
				6EBCBA4C1CD5198A007AE9DA /* SJSONTests.swift in Sources */,
				6E13C7BC1C957FC80060DF24 /* YandexCloudResourceTests.swift in Sources */,
				6E8554531CEB54C200A6FC4E /* OAuthAuthenticatorTests.swift in Sources */,
				6E66B6361C9F3477004C466D /* NSURLSessionProtocolTests.swift in Sources */,
				6E1F5BF71CC638ED0035DA4A /* NSFileManagerTests.swift in Sources */,
				6E3572F41CBD103B008FAC87 /* ContentTypeDefinitionParsingTests.swift in Sources */,
				6EA347291D057CF600751F0B /* RealmRxPlayerPersistenceProviderTests.swift in Sources */,
			);
			runOnlyForDeploymentPostprocessing = 0;
		};
		6EEB98B91C4EBE1700DD5B95 /* Sources */ = {
			isa = PBXSourcesBuildPhase;
			buildActionMask = 2147483647;
			files = (
			);
			runOnlyForDeploymentPostprocessing = 0;
		};
/* End PBXSourcesBuildPhase section */

/* Begin PBXTargetDependency section */
		6EEB98B41C4EBE1700DD5B95 /* PBXTargetDependency */ = {
			isa = PBXTargetDependency;
			target = 6EEB989A1C4EBE1700DD5B95 /* CloudMusicPlayer */;
			targetProxy = 6EEB98B31C4EBE1700DD5B95 /* PBXContainerItemProxy */;
		};
		6EEB98BF1C4EBE1700DD5B95 /* PBXTargetDependency */ = {
			isa = PBXTargetDependency;
			target = 6EEB989A1C4EBE1700DD5B95 /* CloudMusicPlayer */;
			targetProxy = 6EEB98BE1C4EBE1700DD5B95 /* PBXContainerItemProxy */;
		};
/* End PBXTargetDependency section */

/* Begin PBXVariantGroup section */
		6EEB98AA1C4EBE1700DD5B95 /* LaunchScreen.storyboard */ = {
			isa = PBXVariantGroup;
			children = (
				6EEB98AB1C4EBE1700DD5B95 /* Base */,
			);
			name = LaunchScreen.storyboard;
			sourceTree = "<group>";
		};
/* End PBXVariantGroup section */

/* Begin XCBuildConfiguration section */
		6EEB98C41C4EBE1700DD5B95 /* Debug */ = {
			isa = XCBuildConfiguration;
			buildSettings = {
				ALWAYS_SEARCH_USER_PATHS = NO;
				CLANG_CXX_LANGUAGE_STANDARD = "gnu++0x";
				CLANG_CXX_LIBRARY = "libc++";
				CLANG_ENABLE_MODULES = YES;
				CLANG_ENABLE_OBJC_ARC = YES;
				CLANG_WARN_BOOL_CONVERSION = YES;
				CLANG_WARN_CONSTANT_CONVERSION = YES;
				CLANG_WARN_DIRECT_OBJC_ISA_USAGE = YES_ERROR;
				CLANG_WARN_EMPTY_BODY = YES;
				CLANG_WARN_ENUM_CONVERSION = YES;
				CLANG_WARN_INT_CONVERSION = YES;
				CLANG_WARN_OBJC_ROOT_CLASS = YES_ERROR;
				CLANG_WARN_UNREACHABLE_CODE = YES;
				CLANG_WARN__DUPLICATE_METHOD_MATCH = YES;
				"CODE_SIGN_IDENTITY[sdk=iphoneos*]" = "";
				COPY_PHASE_STRIP = NO;
				DEBUG_INFORMATION_FORMAT = dwarf;
				ENABLE_STRICT_OBJC_MSGSEND = YES;
				ENABLE_TESTABILITY = YES;
				GCC_C_LANGUAGE_STANDARD = gnu99;
				GCC_DYNAMIC_NO_PIC = NO;
				GCC_NO_COMMON_BLOCKS = YES;
				GCC_OPTIMIZATION_LEVEL = 0;
				GCC_PREPROCESSOR_DEFINITIONS = (
					"DEBUG=1",
					"$(inherited)",
				);
				GCC_WARN_64_TO_32_BIT_CONVERSION = YES;
				GCC_WARN_ABOUT_RETURN_TYPE = YES_ERROR;
				GCC_WARN_UNDECLARED_SELECTOR = YES;
				GCC_WARN_UNINITIALIZED_AUTOS = YES_AGGRESSIVE;
				GCC_WARN_UNUSED_FUNCTION = YES;
				GCC_WARN_UNUSED_VARIABLE = YES;
				IPHONEOS_DEPLOYMENT_TARGET = 9.2;
				MTL_ENABLE_DEBUG_INFO = YES;
				ONLY_ACTIVE_ARCH = YES;
				SDKROOT = iphoneos;
				SWIFT_OPTIMIZATION_LEVEL = "-Onone";
				TARGETED_DEVICE_FAMILY = "1,2";
			};
			name = Debug;
		};
		6EEB98C51C4EBE1700DD5B95 /* Release */ = {
			isa = XCBuildConfiguration;
			buildSettings = {
				ALWAYS_SEARCH_USER_PATHS = NO;
				CLANG_CXX_LANGUAGE_STANDARD = "gnu++0x";
				CLANG_CXX_LIBRARY = "libc++";
				CLANG_ENABLE_MODULES = YES;
				CLANG_ENABLE_OBJC_ARC = YES;
				CLANG_WARN_BOOL_CONVERSION = YES;
				CLANG_WARN_CONSTANT_CONVERSION = YES;
				CLANG_WARN_DIRECT_OBJC_ISA_USAGE = YES_ERROR;
				CLANG_WARN_EMPTY_BODY = YES;
				CLANG_WARN_ENUM_CONVERSION = YES;
				CLANG_WARN_INT_CONVERSION = YES;
				CLANG_WARN_OBJC_ROOT_CLASS = YES_ERROR;
				CLANG_WARN_UNREACHABLE_CODE = YES;
				CLANG_WARN__DUPLICATE_METHOD_MATCH = YES;
				"CODE_SIGN_IDENTITY[sdk=iphoneos*]" = "iPhone Developer";
				COPY_PHASE_STRIP = NO;
				DEBUG_INFORMATION_FORMAT = "dwarf-with-dsym";
				ENABLE_NS_ASSERTIONS = NO;
				ENABLE_STRICT_OBJC_MSGSEND = YES;
				GCC_C_LANGUAGE_STANDARD = gnu99;
				GCC_NO_COMMON_BLOCKS = YES;
				GCC_WARN_64_TO_32_BIT_CONVERSION = YES;
				GCC_WARN_ABOUT_RETURN_TYPE = YES_ERROR;
				GCC_WARN_UNDECLARED_SELECTOR = YES;
				GCC_WARN_UNINITIALIZED_AUTOS = YES_AGGRESSIVE;
				GCC_WARN_UNUSED_FUNCTION = YES;
				GCC_WARN_UNUSED_VARIABLE = YES;
				IPHONEOS_DEPLOYMENT_TARGET = 9.2;
				MTL_ENABLE_DEBUG_INFO = NO;
				SDKROOT = iphoneos;
				TARGETED_DEVICE_FAMILY = "1,2";
				VALIDATE_PRODUCT = YES;
			};
			name = Release;
		};
		6EEB98C71C4EBE1700DD5B95 /* Debug */ = {
			isa = XCBuildConfiguration;
			buildSettings = {
				ASSETCATALOG_COMPILER_APPICON_NAME = AppIcon;
				CLANG_ENABLE_MODULES = YES;
				CLANG_ENABLE_MODULE_DEBUGGING = YES;
				CODE_SIGN_IDENTITY = "";
				"CODE_SIGN_IDENTITY[sdk=iphoneos*]" = "iPhone Developer";
				FRAMEWORK_SEARCH_PATHS = (
					"$(inherited)",
					"$(PROJECT_DIR)/Carthage/Build/iOS",
				);
				INFOPLIST_FILE = CloudMusicPlayer/Info.plist;
				LD_RUNPATH_SEARCH_PATHS = "$(inherited) @executable_path/Frameworks";
				OTHER_LDFLAGS = "";
				OTHER_SWIFT_FLAGS = "-D DEBUG";
				PRODUCT_BUNDLE_IDENTIFIER = com.AntonEfimenko.CloudMusicPlayer;
				PRODUCT_NAME = "$(TARGET_NAME)";
				PROVISIONING_PROFILE = "";
				SWIFT_OBJC_BRIDGING_HEADER = "";
				SWIFT_OBJC_INTERFACE_HEADER_NAME = "";
				SWIFT_OPTIMIZATION_LEVEL = "-Onone";
				TARGETED_DEVICE_FAMILY = 1;
			};
			name = Debug;
		};
		6EEB98C81C4EBE1700DD5B95 /* Release */ = {
			isa = XCBuildConfiguration;
			buildSettings = {
				ASSETCATALOG_COMPILER_APPICON_NAME = AppIcon;
				CLANG_ENABLE_MODULES = YES;
				CLANG_ENABLE_MODULE_DEBUGGING = YES;
				CODE_SIGN_IDENTITY = "";
				"CODE_SIGN_IDENTITY[sdk=iphoneos*]" = "iPhone Developer";
				FRAMEWORK_SEARCH_PATHS = (
					"$(inherited)",
					"$(PROJECT_DIR)/Carthage/Build/iOS",
				);
				INFOPLIST_FILE = CloudMusicPlayer/Info.plist;
				LD_RUNPATH_SEARCH_PATHS = "$(inherited) @executable_path/Frameworks";
				OTHER_LDFLAGS = "";
				OTHER_SWIFT_FLAGS = "";
				PRODUCT_BUNDLE_IDENTIFIER = com.AntonEfimenko.CloudMusicPlayer;
				PRODUCT_NAME = "$(TARGET_NAME)";
				PROVISIONING_PROFILE = "";
				SWIFT_OBJC_BRIDGING_HEADER = "";
				SWIFT_OBJC_INTERFACE_HEADER_NAME = "";
				TARGETED_DEVICE_FAMILY = 1;
			};
			name = Release;
		};
		6EEB98CA1C4EBE1700DD5B95 /* Debug */ = {
			isa = XCBuildConfiguration;
			buildSettings = {
				BUNDLE_LOADER = "$(TEST_HOST)";
				"CODE_SIGN_IDENTITY[sdk=iphoneos*]" = "iPhone Developer";
				FRAMEWORK_SEARCH_PATHS = (
					"$(inherited)",
					"$(PROJECT_DIR)/Carthage/Build/iOS",
				);
				INFOPLIST_FILE = CloudMusicPlayerTests/Info.plist;
				LD_RUNPATH_SEARCH_PATHS = "$(inherited) @executable_path/Frameworks @loader_path/Frameworks";
				PRODUCT_BUNDLE_IDENTIFIER = com.AntonEfimenko.CloudMusicPlayerTests;
				PRODUCT_NAME = "$(TARGET_NAME)";
				TEST_HOST = "$(BUILT_PRODUCTS_DIR)/CloudMusicPlayer.app/CloudMusicPlayer";
			};
			name = Debug;
		};
		6EEB98CB1C4EBE1700DD5B95 /* Release */ = {
			isa = XCBuildConfiguration;
			buildSettings = {
				BUNDLE_LOADER = "$(TEST_HOST)";
				"CODE_SIGN_IDENTITY[sdk=iphoneos*]" = "iPhone Developer";
				FRAMEWORK_SEARCH_PATHS = (
					"$(inherited)",
					"$(PROJECT_DIR)/Carthage/Build/iOS",
				);
				INFOPLIST_FILE = CloudMusicPlayerTests/Info.plist;
				LD_RUNPATH_SEARCH_PATHS = "$(inherited) @executable_path/Frameworks @loader_path/Frameworks";
				PRODUCT_BUNDLE_IDENTIFIER = com.AntonEfimenko.CloudMusicPlayerTests;
				PRODUCT_NAME = "$(TARGET_NAME)";
				TEST_HOST = "$(BUILT_PRODUCTS_DIR)/CloudMusicPlayer.app/CloudMusicPlayer";
			};
			name = Release;
		};
		6EEB98CD1C4EBE1700DD5B95 /* Debug */ = {
			isa = XCBuildConfiguration;
			buildSettings = {
				INFOPLIST_FILE = CloudMusicPlayerUITests/Info.plist;
				LD_RUNPATH_SEARCH_PATHS = "$(inherited) @executable_path/Frameworks @loader_path/Frameworks";
				PRODUCT_BUNDLE_IDENTIFIER = com.AntonEfimenko.CloudMusicPlayerUITests;
				PRODUCT_NAME = "$(TARGET_NAME)";
				TEST_TARGET_NAME = CloudMusicPlayer;
				USES_XCTRUNNER = YES;
			};
			name = Debug;
		};
		6EEB98CE1C4EBE1700DD5B95 /* Release */ = {
			isa = XCBuildConfiguration;
			buildSettings = {
				INFOPLIST_FILE = CloudMusicPlayerUITests/Info.plist;
				LD_RUNPATH_SEARCH_PATHS = "$(inherited) @executable_path/Frameworks @loader_path/Frameworks";
				PRODUCT_BUNDLE_IDENTIFIER = com.AntonEfimenko.CloudMusicPlayerUITests;
				PRODUCT_NAME = "$(TARGET_NAME)";
				TEST_TARGET_NAME = CloudMusicPlayer;
				USES_XCTRUNNER = YES;
			};
			name = Release;
		};
/* End XCBuildConfiguration section */

/* Begin XCConfigurationList section */
		6EEB98961C4EBE1700DD5B95 /* Build configuration list for PBXProject "CloudMusicPlayer" */ = {
			isa = XCConfigurationList;
			buildConfigurations = (
				6EEB98C41C4EBE1700DD5B95 /* Debug */,
				6EEB98C51C4EBE1700DD5B95 /* Release */,
			);
			defaultConfigurationIsVisible = 0;
			defaultConfigurationName = Debug;
		};
		6EEB98C61C4EBE1700DD5B95 /* Build configuration list for PBXNativeTarget "CloudMusicPlayer" */ = {
			isa = XCConfigurationList;
			buildConfigurations = (
				6EEB98C71C4EBE1700DD5B95 /* Debug */,
				6EEB98C81C4EBE1700DD5B95 /* Release */,
			);
			defaultConfigurationIsVisible = 0;
			defaultConfigurationName = Debug;
		};
		6EEB98C91C4EBE1700DD5B95 /* Build configuration list for PBXNativeTarget "CloudMusicPlayerTests" */ = {
			isa = XCConfigurationList;
			buildConfigurations = (
				6EEB98CA1C4EBE1700DD5B95 /* Debug */,
				6EEB98CB1C4EBE1700DD5B95 /* Release */,
			);
			defaultConfigurationIsVisible = 0;
			defaultConfigurationName = Debug;
		};
		6EEB98CC1C4EBE1700DD5B95 /* Build configuration list for PBXNativeTarget "CloudMusicPlayerUITests" */ = {
			isa = XCConfigurationList;
			buildConfigurations = (
				6EEB98CD1C4EBE1700DD5B95 /* Debug */,
				6EEB98CE1C4EBE1700DD5B95 /* Release */,
			);
			defaultConfigurationIsVisible = 0;
			defaultConfigurationName = Debug;
		};
/* End XCConfigurationList section */

/* Begin XCVersionGroup section */
		6EEB98A51C4EBE1700DD5B95 /* CloudMusicPlayer.xcdatamodeld */ = {
			isa = XCVersionGroup;
			children = (
				6EEB98A61C4EBE1700DD5B95 /* CloudMusicPlayer.xcdatamodel */,
			);
			currentVersion = 6EEB98A61C4EBE1700DD5B95 /* CloudMusicPlayer.xcdatamodel */;
			path = CloudMusicPlayer.xcdatamodeld;
			sourceTree = "<group>";
			versionGroupType = wrapper.xcdatamodel;
		};
/* End XCVersionGroup section */
	};
	rootObject = 6EEB98931C4EBE1700DD5B95 /* Project object */;
}
